// !$*UTF8*$!
{
	archiveVersion = 1;
	classes = {
	};
	objectVersion = 46;
	objects = {

/* Begin PBXBuildFile section */
		1AC6FB21180E996B004C840B /* libcocos2d Mac.a in Frameworks */ = {isa = PBXBuildFile; fileRef = 1AC6FAF9180E9839004C840B /* libcocos2d Mac.a */; };
		1AC6FB30180E99EB004C840B /* libcocos2d iOS.a in Frameworks */ = {isa = PBXBuildFile; fileRef = 1AC6FB07180E9839004C840B /* libcocos2d iOS.a */; };
		1D60589F0D05DD5A006BFB54 /* Foundation.framework in Frameworks */ = {isa = PBXBuildFile; fileRef = 1D30AB110D05D00D00671497 /* Foundation.framework */; };
		1DF5F4E00D08C38300B7A737 /* UIKit.framework in Frameworks */ = {isa = PBXBuildFile; fileRef = 1DF5F4DF0D08C38300B7A737 /* UIKit.framework */; };
		288765A50DF7441C002DB57D /* CoreGraphics.framework in Frameworks */ = {isa = PBXBuildFile; fileRef = 288765A40DF7441C002DB57D /* CoreGraphics.framework */; };
		46880B7B19C43A67006E1F66 /* CloseNormal.png in Resources */ = {isa = PBXBuildFile; fileRef = 46880B7619C43A67006E1F66 /* CloseNormal.png */; };
		46880B7C19C43A67006E1F66 /* CloseNormal.png in Resources */ = {isa = PBXBuildFile; fileRef = 46880B7619C43A67006E1F66 /* CloseNormal.png */; };
		46880B7D19C43A67006E1F66 /* CloseSelected.png in Resources */ = {isa = PBXBuildFile; fileRef = 46880B7719C43A67006E1F66 /* CloseSelected.png */; };
		46880B7E19C43A67006E1F66 /* CloseSelected.png in Resources */ = {isa = PBXBuildFile; fileRef = 46880B7719C43A67006E1F66 /* CloseSelected.png */; };
		46880B8119C43A67006E1F66 /* HelloWorld.png in Resources */ = {isa = PBXBuildFile; fileRef = 46880B7A19C43A67006E1F66 /* HelloWorld.png */; };
		46880B8219C43A67006E1F66 /* HelloWorld.png in Resources */ = {isa = PBXBuildFile; fileRef = 46880B7A19C43A67006E1F66 /* HelloWorld.png */; };
		46880B8819C43A87006E1F66 /* AppDelegate.cpp in Sources */ = {isa = PBXBuildFile; fileRef = 46880B8419C43A87006E1F66 /* AppDelegate.cpp */; };
		46880B8919C43A87006E1F66 /* AppDelegate.cpp in Sources */ = {isa = PBXBuildFile; fileRef = 46880B8419C43A87006E1F66 /* AppDelegate.cpp */; };
		46880B8A19C43A87006E1F66 /* HelloWorldScene.cpp in Sources */ = {isa = PBXBuildFile; fileRef = 46880B8619C43A87006E1F66 /* HelloWorldScene.cpp */; };
		46880B8B19C43A87006E1F66 /* HelloWorldScene.cpp in Sources */ = {isa = PBXBuildFile; fileRef = 46880B8619C43A87006E1F66 /* HelloWorldScene.cpp */; };
		503AE0F817EB97AB00D1A890 /* Icon.icns in Resources */ = {isa = PBXBuildFile; fileRef = 503AE0F617EB97AB00D1A890 /* Icon.icns */; };
		503AE10017EB989F00D1A890 /* AppController.mm in Sources */ = {isa = PBXBuildFile; fileRef = 503AE0FB17EB989F00D1A890 /* AppController.mm */; };
		503AE10117EB989F00D1A890 /* main.m in Sources */ = {isa = PBXBuildFile; fileRef = 503AE0FC17EB989F00D1A890 /* main.m */; };
		503AE10217EB989F00D1A890 /* RootViewController.mm in Sources */ = {isa = PBXBuildFile; fileRef = 503AE0FF17EB989F00D1A890 /* RootViewController.mm */; };
		503AE10517EB98FF00D1A890 /* main.cpp in Sources */ = {isa = PBXBuildFile; fileRef = 503AE10317EB98FF00D1A890 /* main.cpp */; };
		503AE11B17EB9C5A00D1A890 /* IOKit.framework in Frameworks */ = {isa = PBXBuildFile; fileRef = 503AE11A17EB9C5A00D1A890 /* IOKit.framework */; };
		5087E76317EB910900C73F5D /* Foundation.framework in Frameworks */ = {isa = PBXBuildFile; fileRef = 1D30AB110D05D00D00671497 /* Foundation.framework */; };
		5087E76717EB910900C73F5D /* libz.dylib in Frameworks */ = {isa = PBXBuildFile; fileRef = BF170DB412928DE900B8313A /* libz.dylib */; };
		5087E76817EB910900C73F5D /* QuartzCore.framework in Frameworks */ = {isa = PBXBuildFile; fileRef = BF1C47EA1293683800B63C5D /* QuartzCore.framework */; };
		5087E76917EB910900C73F5D /* OpenAL.framework in Frameworks */ = {isa = PBXBuildFile; fileRef = D44C620B132DFF330009C878 /* OpenAL.framework */; };
		5087E76A17EB910900C73F5D /* AVFoundation.framework in Frameworks */ = {isa = PBXBuildFile; fileRef = D44C620D132DFF430009C878 /* AVFoundation.framework */; };
		5087E76B17EB910900C73F5D /* AudioToolbox.framework in Frameworks */ = {isa = PBXBuildFile; fileRef = D44C620F132DFF4E0009C878 /* AudioToolbox.framework */; };
		5087E77D17EB970100C73F5D /* Default-568h@2x.png in Resources */ = {isa = PBXBuildFile; fileRef = 5087E77217EB970100C73F5D /* Default-568h@2x.png */; };
		5087E77E17EB970100C73F5D /* Default.png in Resources */ = {isa = PBXBuildFile; fileRef = 5087E77317EB970100C73F5D /* Default.png */; };
		5087E77F17EB970100C73F5D /* Default@2x.png in Resources */ = {isa = PBXBuildFile; fileRef = 5087E77417EB970100C73F5D /* Default@2x.png */; };
		5087E78117EB970100C73F5D /* Icon-120.png in Resources */ = {isa = PBXBuildFile; fileRef = 5087E77617EB970100C73F5D /* Icon-120.png */; };
		5087E78317EB970100C73F5D /* Icon-152.png in Resources */ = {isa = PBXBuildFile; fileRef = 5087E77817EB970100C73F5D /* Icon-152.png */; };
		5087E78517EB970100C73F5D /* Icon-72.png in Resources */ = {isa = PBXBuildFile; fileRef = 5087E77A17EB970100C73F5D /* Icon-72.png */; };
		5087E78617EB970100C73F5D /* Icon-76.png in Resources */ = {isa = PBXBuildFile; fileRef = 5087E77B17EB970100C73F5D /* Icon-76.png */; };
		5087E78917EB974C00C73F5D /* AppKit.framework in Frameworks */ = {isa = PBXBuildFile; fileRef = 5087E78817EB974C00C73F5D /* AppKit.framework */; };
		5087E78B17EB975400C73F5D /* OpenGL.framework in Frameworks */ = {isa = PBXBuildFile; fileRef = 5087E78A17EB975400C73F5D /* OpenGL.framework */; };
		521A8E6419F0C34300D177D7 /* Default-667h@2x.png in Resources */ = {isa = PBXBuildFile; fileRef = 521A8E6219F0C34300D177D7 /* Default-667h@2x.png */; };
		521A8E6519F0C34300D177D7 /* Default-736h@3x.png in Resources */ = {isa = PBXBuildFile; fileRef = 521A8E6319F0C34300D177D7 /* Default-736h@3x.png */; };
		52B47A471A53D09C004E4C60 /* Security.framework in Frameworks */ = {isa = PBXBuildFile; fileRef = 52B47A461A53D09B004E4C60 /* Security.framework */; };
		BF171245129291EC00B8313A /* OpenGLES.framework in Frameworks */ = {isa = PBXBuildFile; fileRef = BF170DB012928DE900B8313A /* OpenGLES.framework */; };
		BF1712471292920000B8313A /* libz.dylib in Frameworks */ = {isa = PBXBuildFile; fileRef = BF170DB412928DE900B8313A /* libz.dylib */; };
		BF1C47F01293687400B63C5D /* QuartzCore.framework in Frameworks */ = {isa = PBXBuildFile; fileRef = BF1C47EA1293683800B63C5D /* QuartzCore.framework */; };
		D44C620C132DFF330009C878 /* OpenAL.framework in Frameworks */ = {isa = PBXBuildFile; fileRef = D44C620B132DFF330009C878 /* OpenAL.framework */; };
		D44C620E132DFF430009C878 /* AVFoundation.framework in Frameworks */ = {isa = PBXBuildFile; fileRef = D44C620D132DFF430009C878 /* AVFoundation.framework */; };
		D44C6210132DFF4E0009C878 /* AudioToolbox.framework in Frameworks */ = {isa = PBXBuildFile; fileRef = D44C620F132DFF4E0009C878 /* AudioToolbox.framework */; };
		D6B0611B1803AB670077942B /* CoreMotion.framework in Frameworks */ = {isa = PBXBuildFile; fileRef = D6B0611A1803AB670077942B /* CoreMotion.framework */; };
		FE2F6DDC1A9867F7003606D6 /* 10056_stand.plist in Resources */ = {isa = PBXBuildFile; fileRef = FE63ECEA1A91E74700617890 /* 10056_stand.plist */; };
		FE2F6DDD1A9867F7003606D6 /* Icon-120.png in Resources */ = {isa = PBXBuildFile; fileRef = 5087E77617EB970100C73F5D /* Icon-120.png */; };
		FE2F6DDE1A9867F7003606D6 /* 10056_run.plist in Resources */ = {isa = PBXBuildFile; fileRef = FE63ECE61A91E74700617890 /* 10056_run.plist */; };
		FE2F6DDF1A9867F7003606D6 /* Icon-29.png in Resources */ = {isa = PBXBuildFile; fileRef = FE84591C1A950544006500A4 /* Icon-29.png */; };
		FE2F6DE01A9867F7003606D6 /* Icon-76.png in Resources */ = {isa = PBXBuildFile; fileRef = 5087E77B17EB970100C73F5D /* Icon-76.png */; };
		FE2F6DE11A9867F7003606D6 /* Icon-80.png in Resources */ = {isa = PBXBuildFile; fileRef = FE84591E1A950544006500A4 /* Icon-80.png */; };
		FE2F6DE21A9867F7003606D6 /* Icon-114.png in Resources */ = {isa = PBXBuildFile; fileRef = FE8459301A950544006500A4 /* Icon-114.png */; };
		FE2F6DE31A9867F7003606D6 /* Icon-100.png in Resources */ = {isa = PBXBuildFile; fileRef = FE84591F1A950544006500A4 /* Icon-100.png */; };
		FE2F6DE41A9867F7003606D6 /* Icon-144.png in Resources */ = {isa = PBXBuildFile; fileRef = FE8459201A950544006500A4 /* Icon-144.png */; };
		FE2F6DE51A9867F7003606D6 /* Icon-57.png in Resources */ = {isa = PBXBuildFile; fileRef = FE8459371A950544006500A4 /* Icon-57.png */; };
		FE2F6DE61A9867F7003606D6 /* Default@2x.png in Resources */ = {isa = PBXBuildFile; fileRef = 5087E77417EB970100C73F5D /* Default@2x.png */; };
		FE2F6DE71A9867F7003606D6 /* Icon-152.png in Resources */ = {isa = PBXBuildFile; fileRef = 5087E77817EB970100C73F5D /* Icon-152.png */; };
		FE2F6DE81A9867F7003606D6 /* 10056_stand.png in Resources */ = {isa = PBXBuildFile; fileRef = FE63ECEB1A91E74700617890 /* 10056_stand.png */; };
		FE2F6DE91A9867F7003606D6 /* 10056_attack.png in Resources */ = {isa = PBXBuildFile; fileRef = FE63ECE31A91E74700617890 /* 10056_attack.png */; };
		FE2F6DEA1A9867F7003606D6 /* HelloWorld.png in Resources */ = {isa = PBXBuildFile; fileRef = 46880B7A19C43A67006E1F66 /* HelloWorld.png */; };
		FE2F6DEB1A9867F7003606D6 /* CloseSelected.png in Resources */ = {isa = PBXBuildFile; fileRef = 46880B7719C43A67006E1F66 /* CloseSelected.png */; };
		FE2F6DEC1A9867F7003606D6 /* Default-568h@2x.png in Resources */ = {isa = PBXBuildFile; fileRef = 5087E77217EB970100C73F5D /* Default-568h@2x.png */; };
		FE2F6DED1A9867F7003606D6 /* Icon@2x.png in Resources */ = {isa = PBXBuildFile; fileRef = FE63ED071A9221F400617890 /* Icon@2x.png */; };
		FE2F6DEE1A9867F7003606D6 /* Icon-72.png in Resources */ = {isa = PBXBuildFile; fileRef = 5087E77A17EB970100C73F5D /* Icon-72.png */; };
		FE2F6DEF1A9867F7003606D6 /* Default-736h@3x.png in Resources */ = {isa = PBXBuildFile; fileRef = 521A8E6319F0C34300D177D7 /* Default-736h@3x.png */; };
		FE2F6DF01A9867F7003606D6 /* images in Resources */ = {isa = PBXBuildFile; fileRef = FE63ECDB1A91E6F200617890 /* images */; };
		FE2F6DF11A9867F7003606D6 /* 10056_run.png in Resources */ = {isa = PBXBuildFile; fileRef = FE63ECE71A91E74700617890 /* 10056_run.png */; };
		FE2F6DF21A9867F7003606D6 /* 10056_spell.png in Resources */ = {isa = PBXBuildFile; fileRef = FE63ECE91A91E74700617890 /* 10056_spell.png */; };
		FE2F6DF31A9867F7003606D6 /* fonts in Resources */ = {isa = PBXBuildFile; fileRef = FE63ECDA1A91E6F200617890 /* fonts */; };
		FE2F6DF41A9867F7003606D6 /* 10056_attack.plist in Resources */ = {isa = PBXBuildFile; fileRef = FE63ECE21A91E74700617890 /* 10056_attack.plist */; };
		FE2F6DF51A9867F7003606D6 /* Icon-40.png in Resources */ = {isa = PBXBuildFile; fileRef = FE84592F1A950544006500A4 /* Icon-40.png */; };
		FE2F6DF61A9867F7003606D6 /* Icon-50.png in Resources */ = {isa = PBXBuildFile; fileRef = FE84592B1A950544006500A4 /* Icon-50.png */; };
		FE2F6DF71A9867F7003606D6 /* 10056_spell.plist in Resources */ = {isa = PBXBuildFile; fileRef = FE63ECE81A91E74700617890 /* 10056_spell.plist */; };
		FE2F6DF81A9867F7003606D6 /* 10056_hurt.png in Resources */ = {isa = PBXBuildFile; fileRef = FE63ECE51A91E74700617890 /* 10056_hurt.png */; };
		FE2F6DF91A9867F7003606D6 /* 10056_stand2.png in Resources */ = {isa = PBXBuildFile; fileRef = FE63ECEC1A91E74700617890 /* 10056_stand2.png */; };
		FE2F6DFA1A9867F7003606D6 /* Default.png in Resources */ = {isa = PBXBuildFile; fileRef = 5087E77317EB970100C73F5D /* Default.png */; };
		FE2F6DFB1A9867F7003606D6 /* Default-667h@2x.png in Resources */ = {isa = PBXBuildFile; fileRef = 521A8E6219F0C34300D177D7 /* Default-667h@2x.png */; };
		FE2F6DFC1A9867F7003606D6 /* Icon.png in Resources */ = {isa = PBXBuildFile; fileRef = FE63ED061A9221F400617890 /* Icon.png */; };
		FE2F6DFD1A9867F7003606D6 /* CloseNormal.png in Resources */ = {isa = PBXBuildFile; fileRef = 46880B7619C43A67006E1F66 /* CloseNormal.png */; };
		FE2F6DFE1A9867F7003606D6 /* 10056_hurt.plist in Resources */ = {isa = PBXBuildFile; fileRef = FE63ECE41A91E74700617890 /* 10056_hurt.plist */; };
		FE2F6DFF1A9867F7003606D6 /* Icon-58.png in Resources */ = {isa = PBXBuildFile; fileRef = FE84591D1A950544006500A4 /* Icon-58.png */; };
		FE2F6E011A9867F7003606D6 /* GameStartLayer.cpp in Sources */ = {isa = PBXBuildFile; fileRef = FE63ECC11A91D93000617890 /* GameStartLayer.cpp */; };
		FE2F6E021A9867F7003606D6 /* AppDelegate.cpp in Sources */ = {isa = PBXBuildFile; fileRef = 46880B8419C43A87006E1F66 /* AppDelegate.cpp */; };
		FE2F6E031A9867F7003606D6 /* IADSimple.m in Sources */ = {isa = PBXBuildFile; fileRef = FE63ECC41A91D93000617890 /* IADSimple.m */; };
		FE2F6E041A9867F7003606D6 /* HelloWorldScene.cpp in Sources */ = {isa = PBXBuildFile; fileRef = 46880B8619C43A87006E1F66 /* HelloWorldScene.cpp */; };
		FE2F6E051A9867F7003606D6 /* DataHome.cpp in Sources */ = {isa = PBXBuildFile; fileRef = FE63ECBB1A91D93000617890 /* DataHome.cpp */; };
		FE2F6E061A9867F7003606D6 /* GameOverLayer.mm in Sources */ = {isa = PBXBuildFile; fileRef = FE63ECC01A91D93000617890 /* GameOverLayer.mm */; };
		FE2F6E071A9867F7003606D6 /* AppController.mm in Sources */ = {isa = PBXBuildFile; fileRef = 503AE0FB17EB989F00D1A890 /* AppController.mm */; };
		FE2F6E081A9867F7003606D6 /* MUtils.cpp in Sources */ = {isa = PBXBuildFile; fileRef = FEAEEBA11A93D60C001905E8 /* MUtils.cpp */; };
		FE2F6E091A9867F7003606D6 /* tree.cpp in Sources */ = {isa = PBXBuildFile; fileRef = FE63ECC51A91D93000617890 /* tree.cpp */; };
		FE2F6E0A1A9867F7003606D6 /* RootViewController.mm in Sources */ = {isa = PBXBuildFile; fileRef = 503AE0FF17EB989F00D1A890 /* RootViewController.mm */; };
		FE2F6E0B1A9867F7003606D6 /* main.m in Sources */ = {isa = PBXBuildFile; fileRef = 503AE0FC17EB989F00D1A890 /* main.m */; };
		FE2F6E0C1A9867F7003606D6 /* GameCenterScene.cpp in Sources */ = {isa = PBXBuildFile; fileRef = FE63ECBD1A91D93000617890 /* GameCenterScene.cpp */; };
		FE2F6E0D1A9867F7003606D6 /* ManCopy.cpp in Sources */ = {isa = PBXBuildFile; fileRef = FE63ECD41A91DD4400617890 /* ManCopy.cpp */; };
		FE2F6E0F1A9867F7003606D6 /* Security.framework in Frameworks */ = {isa = PBXBuildFile; fileRef = 52B47A461A53D09B004E4C60 /* Security.framework */; };
		FE2F6E101A9867F7003606D6 /* libcocos2d iOS.a in Frameworks */ = {isa = PBXBuildFile; fileRef = 1AC6FB07180E9839004C840B /* libcocos2d iOS.a */; };
		FE2F6E111A9867F7003606D6 /* CoreMotion.framework in Frameworks */ = {isa = PBXBuildFile; fileRef = D6B0611A1803AB670077942B /* CoreMotion.framework */; };
		FE2F6E121A9867F7003606D6 /* Foundation.framework in Frameworks */ = {isa = PBXBuildFile; fileRef = 1D30AB110D05D00D00671497 /* Foundation.framework */; };
		FE2F6E131A9867F7003606D6 /* UIKit.framework in Frameworks */ = {isa = PBXBuildFile; fileRef = 1DF5F4DF0D08C38300B7A737 /* UIKit.framework */; };
		FE2F6E141A9867F7003606D6 /* CoreGraphics.framework in Frameworks */ = {isa = PBXBuildFile; fileRef = 288765A40DF7441C002DB57D /* CoreGraphics.framework */; };
		FE2F6E151A9867F7003606D6 /* OpenGLES.framework in Frameworks */ = {isa = PBXBuildFile; fileRef = BF170DB012928DE900B8313A /* OpenGLES.framework */; };
		FE2F6E161A9867F7003606D6 /* libz.dylib in Frameworks */ = {isa = PBXBuildFile; fileRef = BF170DB412928DE900B8313A /* libz.dylib */; };
		FE2F6E171A9867F7003606D6 /* QuartzCore.framework in Frameworks */ = {isa = PBXBuildFile; fileRef = BF1C47EA1293683800B63C5D /* QuartzCore.framework */; };
		FE2F6E181A9867F7003606D6 /* OpenAL.framework in Frameworks */ = {isa = PBXBuildFile; fileRef = D44C620B132DFF330009C878 /* OpenAL.framework */; };
		FE2F6E191A9867F7003606D6 /* AVFoundation.framework in Frameworks */ = {isa = PBXBuildFile; fileRef = D44C620D132DFF430009C878 /* AVFoundation.framework */; };
		FE2F6E1A1A9867F7003606D6 /* AudioToolbox.framework in Frameworks */ = {isa = PBXBuildFile; fileRef = D44C620F132DFF4E0009C878 /* AudioToolbox.framework */; };
		FE2F6E211A986CCA003606D6 /* free_ads-Info.plist in Resources */ = {isa = PBXBuildFile; fileRef = FE2F6E201A986CCA003606D6 /* free_ads-Info.plist */; };
		FE63ECC71A91D93000617890 /* DataHome.cpp in Sources */ = {isa = PBXBuildFile; fileRef = FE63ECBB1A91D93000617890 /* DataHome.cpp */; };
		FE63ECC81A91D93000617890 /* DataHome.cpp in Sources */ = {isa = PBXBuildFile; fileRef = FE63ECBB1A91D93000617890 /* DataHome.cpp */; };
		FE63ECC91A91D93000617890 /* GameCenterScene.cpp in Sources */ = {isa = PBXBuildFile; fileRef = FE63ECBD1A91D93000617890 /* GameCenterScene.cpp */; };
		FE63ECCA1A91D93000617890 /* GameCenterScene.cpp in Sources */ = {isa = PBXBuildFile; fileRef = FE63ECBD1A91D93000617890 /* GameCenterScene.cpp */; };
		FE63ECCB1A91D93000617890 /* GameOverLayer.mm in Sources */ = {isa = PBXBuildFile; fileRef = FE63ECC01A91D93000617890 /* GameOverLayer.mm */; };
		FE63ECCC1A91D93000617890 /* GameOverLayer.mm in Sources */ = {isa = PBXBuildFile; fileRef = FE63ECC01A91D93000617890 /* GameOverLayer.mm */; };
		FE63ECCD1A91D93000617890 /* GameStartLayer.cpp in Sources */ = {isa = PBXBuildFile; fileRef = FE63ECC11A91D93000617890 /* GameStartLayer.cpp */; };
		FE63ECCE1A91D93000617890 /* GameStartLayer.cpp in Sources */ = {isa = PBXBuildFile; fileRef = FE63ECC11A91D93000617890 /* GameStartLayer.cpp */; };
		FE63ECCF1A91D93000617890 /* IADSimple.m in Sources */ = {isa = PBXBuildFile; fileRef = FE63ECC41A91D93000617890 /* IADSimple.m */; };
		FE63ECD01A91D93000617890 /* IADSimple.m in Sources */ = {isa = PBXBuildFile; fileRef = FE63ECC41A91D93000617890 /* IADSimple.m */; };
		FE63ECD11A91D93000617890 /* tree.cpp in Sources */ = {isa = PBXBuildFile; fileRef = FE63ECC51A91D93000617890 /* tree.cpp */; };
		FE63ECD21A91D93000617890 /* tree.cpp in Sources */ = {isa = PBXBuildFile; fileRef = FE63ECC51A91D93000617890 /* tree.cpp */; };
		FE63ECD51A91DD4400617890 /* ManCopy.cpp in Sources */ = {isa = PBXBuildFile; fileRef = FE63ECD41A91DD4400617890 /* ManCopy.cpp */; };
		FE63ECD61A91DD4400617890 /* ManCopy.cpp in Sources */ = {isa = PBXBuildFile; fileRef = FE63ECD41A91DD4400617890 /* ManCopy.cpp */; };
		FE63ECDE1A91E6F200617890 /* fonts in Resources */ = {isa = PBXBuildFile; fileRef = FE63ECDA1A91E6F200617890 /* fonts */; };
		FE63ECDF1A91E6F200617890 /* fonts in Resources */ = {isa = PBXBuildFile; fileRef = FE63ECDA1A91E6F200617890 /* fonts */; };
		FE63ECE01A91E6F200617890 /* images in Resources */ = {isa = PBXBuildFile; fileRef = FE63ECDB1A91E6F200617890 /* images */; };
		FE63ECE11A91E6F200617890 /* images in Resources */ = {isa = PBXBuildFile; fileRef = FE63ECDB1A91E6F200617890 /* images */; };
		FE63ECED1A91E74700617890 /* 10056_attack.plist in Resources */ = {isa = PBXBuildFile; fileRef = FE63ECE21A91E74700617890 /* 10056_attack.plist */; };
		FE63ECEE1A91E74700617890 /* 10056_attack.plist in Resources */ = {isa = PBXBuildFile; fileRef = FE63ECE21A91E74700617890 /* 10056_attack.plist */; };
		FE63ECEF1A91E74700617890 /* 10056_attack.png in Resources */ = {isa = PBXBuildFile; fileRef = FE63ECE31A91E74700617890 /* 10056_attack.png */; };
		FE63ECF01A91E74700617890 /* 10056_attack.png in Resources */ = {isa = PBXBuildFile; fileRef = FE63ECE31A91E74700617890 /* 10056_attack.png */; };
		FE63ECF11A91E74700617890 /* 10056_hurt.plist in Resources */ = {isa = PBXBuildFile; fileRef = FE63ECE41A91E74700617890 /* 10056_hurt.plist */; };
		FE63ECF21A91E74700617890 /* 10056_hurt.plist in Resources */ = {isa = PBXBuildFile; fileRef = FE63ECE41A91E74700617890 /* 10056_hurt.plist */; };
		FE63ECF31A91E74700617890 /* 10056_hurt.png in Resources */ = {isa = PBXBuildFile; fileRef = FE63ECE51A91E74700617890 /* 10056_hurt.png */; };
		FE63ECF41A91E74700617890 /* 10056_hurt.png in Resources */ = {isa = PBXBuildFile; fileRef = FE63ECE51A91E74700617890 /* 10056_hurt.png */; };
		FE63ECF51A91E74700617890 /* 10056_run.plist in Resources */ = {isa = PBXBuildFile; fileRef = FE63ECE61A91E74700617890 /* 10056_run.plist */; };
		FE63ECF61A91E74700617890 /* 10056_run.plist in Resources */ = {isa = PBXBuildFile; fileRef = FE63ECE61A91E74700617890 /* 10056_run.plist */; };
		FE63ECF71A91E74700617890 /* 10056_run.png in Resources */ = {isa = PBXBuildFile; fileRef = FE63ECE71A91E74700617890 /* 10056_run.png */; };
		FE63ECF81A91E74700617890 /* 10056_run.png in Resources */ = {isa = PBXBuildFile; fileRef = FE63ECE71A91E74700617890 /* 10056_run.png */; };
		FE63ECF91A91E74700617890 /* 10056_spell.plist in Resources */ = {isa = PBXBuildFile; fileRef = FE63ECE81A91E74700617890 /* 10056_spell.plist */; };
		FE63ECFA1A91E74700617890 /* 10056_spell.plist in Resources */ = {isa = PBXBuildFile; fileRef = FE63ECE81A91E74700617890 /* 10056_spell.plist */; };
		FE63ECFB1A91E74700617890 /* 10056_spell.png in Resources */ = {isa = PBXBuildFile; fileRef = FE63ECE91A91E74700617890 /* 10056_spell.png */; };
		FE63ECFC1A91E74700617890 /* 10056_spell.png in Resources */ = {isa = PBXBuildFile; fileRef = FE63ECE91A91E74700617890 /* 10056_spell.png */; };
		FE63ECFD1A91E74700617890 /* 10056_stand.plist in Resources */ = {isa = PBXBuildFile; fileRef = FE63ECEA1A91E74700617890 /* 10056_stand.plist */; };
		FE63ECFE1A91E74700617890 /* 10056_stand.plist in Resources */ = {isa = PBXBuildFile; fileRef = FE63ECEA1A91E74700617890 /* 10056_stand.plist */; };
		FE63ECFF1A91E74700617890 /* 10056_stand.png in Resources */ = {isa = PBXBuildFile; fileRef = FE63ECEB1A91E74700617890 /* 10056_stand.png */; };
		FE63ED001A91E74700617890 /* 10056_stand.png in Resources */ = {isa = PBXBuildFile; fileRef = FE63ECEB1A91E74700617890 /* 10056_stand.png */; };
		FE63ED011A91E74700617890 /* 10056_stand2.png in Resources */ = {isa = PBXBuildFile; fileRef = FE63ECEC1A91E74700617890 /* 10056_stand2.png */; };
		FE63ED021A91E74700617890 /* 10056_stand2.png in Resources */ = {isa = PBXBuildFile; fileRef = FE63ECEC1A91E74700617890 /* 10056_stand2.png */; };
		FE63ED0E1A9221F400617890 /* Icon.png in Resources */ = {isa = PBXBuildFile; fileRef = FE63ED061A9221F400617890 /* Icon.png */; };
		FE63ED0F1A9221F400617890 /* Icon.png in Resources */ = {isa = PBXBuildFile; fileRef = FE63ED061A9221F400617890 /* Icon.png */; };
		FE63ED101A9221F400617890 /* Icon@2x.png in Resources */ = {isa = PBXBuildFile; fileRef = FE63ED071A9221F400617890 /* Icon@2x.png */; };
		FE63ED111A9221F400617890 /* Icon@2x.png in Resources */ = {isa = PBXBuildFile; fileRef = FE63ED071A9221F400617890 /* Icon@2x.png */; };
		FE8459211A950544006500A4 /* Icon-29.png in Resources */ = {isa = PBXBuildFile; fileRef = FE84591C1A950544006500A4 /* Icon-29.png */; };
		FE8459221A950544006500A4 /* Icon-29.png in Resources */ = {isa = PBXBuildFile; fileRef = FE84591C1A950544006500A4 /* Icon-29.png */; };
		FE8459231A950544006500A4 /* Icon-58.png in Resources */ = {isa = PBXBuildFile; fileRef = FE84591D1A950544006500A4 /* Icon-58.png */; };
		FE8459241A950544006500A4 /* Icon-58.png in Resources */ = {isa = PBXBuildFile; fileRef = FE84591D1A950544006500A4 /* Icon-58.png */; };
		FE8459251A950544006500A4 /* Icon-80.png in Resources */ = {isa = PBXBuildFile; fileRef = FE84591E1A950544006500A4 /* Icon-80.png */; };
		FE8459261A950544006500A4 /* Icon-80.png in Resources */ = {isa = PBXBuildFile; fileRef = FE84591E1A950544006500A4 /* Icon-80.png */; };
		FE8459271A950544006500A4 /* Icon-100.png in Resources */ = {isa = PBXBuildFile; fileRef = FE84591F1A950544006500A4 /* Icon-100.png */; };
		FE8459281A950544006500A4 /* Icon-100.png in Resources */ = {isa = PBXBuildFile; fileRef = FE84591F1A950544006500A4 /* Icon-100.png */; };
		FE8459291A950544006500A4 /* Icon-144.png in Resources */ = {isa = PBXBuildFile; fileRef = FE8459201A950544006500A4 /* Icon-144.png */; };
		FE84592A1A950544006500A4 /* Icon-144.png in Resources */ = {isa = PBXBuildFile; fileRef = FE8459201A950544006500A4 /* Icon-144.png */; };
		FE84592C1A950544006500A4 /* Icon-50.png in Resources */ = {isa = PBXBuildFile; fileRef = FE84592B1A950544006500A4 /* Icon-50.png */; };
		FE84592D1A950544006500A4 /* Icon-50.png in Resources */ = {isa = PBXBuildFile; fileRef = FE84592B1A950544006500A4 /* Icon-50.png */; };
		FE8459331A950544006500A4 /* Icon-40.png in Resources */ = {isa = PBXBuildFile; fileRef = FE84592F1A950544006500A4 /* Icon-40.png */; };
		FE8459341A950544006500A4 /* Icon-40.png in Resources */ = {isa = PBXBuildFile; fileRef = FE84592F1A950544006500A4 /* Icon-40.png */; };
		FE8459351A950544006500A4 /* Icon-114.png in Resources */ = {isa = PBXBuildFile; fileRef = FE8459301A950544006500A4 /* Icon-114.png */; };
		FE8459361A950544006500A4 /* Icon-114.png in Resources */ = {isa = PBXBuildFile; fileRef = FE8459301A950544006500A4 /* Icon-114.png */; };
		FE8459381A950544006500A4 /* Icon-57.png in Resources */ = {isa = PBXBuildFile; fileRef = FE8459371A950544006500A4 /* Icon-57.png */; };
		FE8459391A950544006500A4 /* Icon-57.png in Resources */ = {isa = PBXBuildFile; fileRef = FE8459371A950544006500A4 /* Icon-57.png */; };
		FEAEEBA31A93D60C001905E8 /* MUtils.cpp in Sources */ = {isa = PBXBuildFile; fileRef = FEAEEBA11A93D60C001905E8 /* MUtils.cpp */; };
/* End PBXBuildFile section */

/* Begin PBXContainerItemProxy section */
		1AC6FAF8180E9839004C840B /* PBXContainerItemProxy */ = {
			isa = PBXContainerItemProxy;
			containerPortal = 1AC6FAE5180E9839004C840B /* cocos2d_libs.xcodeproj */;
			proxyType = 2;
			remoteGlobalIDString = 1551A33F158F2AB200E66CFE;
			remoteInfo = "cocos2dx Mac";
		};
		1AC6FB06180E9839004C840B /* PBXContainerItemProxy */ = {
			isa = PBXContainerItemProxy;
			containerPortal = 1AC6FAE5180E9839004C840B /* cocos2d_libs.xcodeproj */;
			proxyType = 2;
			remoteGlobalIDString = A07A4D641783777C0073F6A7;
			remoteInfo = "cocos2dx iOS";
		};
		1AC6FB15180E9959004C840B /* PBXContainerItemProxy */ = {
			isa = PBXContainerItemProxy;
			containerPortal = 1AC6FAE5180E9839004C840B /* cocos2d_libs.xcodeproj */;
			proxyType = 1;
			remoteGlobalIDString = 1551A33E158F2AB200E66CFE;
			remoteInfo = "cocos2dx Mac";
		};
		1AC6FB24180E99E1004C840B /* PBXContainerItemProxy */ = {
			isa = PBXContainerItemProxy;
			containerPortal = 1AC6FAE5180E9839004C840B /* cocos2d_libs.xcodeproj */;
			proxyType = 1;
			remoteGlobalIDString = A07A4C241783777C0073F6A7;
			remoteInfo = "cocos2dx iOS";
		};
		FE2F6DDA1A9867F7003606D6 /* PBXContainerItemProxy */ = {
			isa = PBXContainerItemProxy;
			containerPortal = 1AC6FAE5180E9839004C840B /* cocos2d_libs.xcodeproj */;
			proxyType = 1;
			remoteGlobalIDString = A07A4C241783777C0073F6A7;
			remoteInfo = "cocos2dx iOS";
		};
/* End PBXContainerItemProxy section */

/* Begin PBXFileReference section */
		1AC6FAE5180E9839004C840B /* cocos2d_libs.xcodeproj */ = {isa = PBXFileReference; lastKnownFileType = "wrapper.pb-project"; name = cocos2d_libs.xcodeproj; path = ../cocos2d/build/cocos2d_libs.xcodeproj; sourceTree = "<group>"; };
		1ACB3243164770DE00914215 /* libcurl.a */ = {isa = PBXFileReference; lastKnownFileType = archive.ar; name = libcurl.a; path = ../../cocos2dx/platform/third_party/ios/libraries/libcurl.a; sourceTree = "<group>"; };
		1D30AB110D05D00D00671497 /* Foundation.framework */ = {isa = PBXFileReference; lastKnownFileType = wrapper.framework; name = Foundation.framework; path = System/Library/Frameworks/Foundation.framework; sourceTree = SDKROOT; };
		1D6058910D05DD3D006BFB54 /* yantongbrother iOS.app */ = {isa = PBXFileReference; explicitFileType = wrapper.application; includeInIndex = 0; path = "yantongbrother iOS.app"; sourceTree = BUILT_PRODUCTS_DIR; };
		1DF5F4DF0D08C38300B7A737 /* UIKit.framework */ = {isa = PBXFileReference; lastKnownFileType = wrapper.framework; name = UIKit.framework; path = System/Library/Frameworks/UIKit.framework; sourceTree = SDKROOT; };
		288765A40DF7441C002DB57D /* CoreGraphics.framework */ = {isa = PBXFileReference; lastKnownFileType = wrapper.framework; name = CoreGraphics.framework; path = System/Library/Frameworks/CoreGraphics.framework; sourceTree = SDKROOT; };
		46880B7619C43A67006E1F66 /* CloseNormal.png */ = {isa = PBXFileReference; lastKnownFileType = image.png; path = CloseNormal.png; sourceTree = "<group>"; };
		46880B7719C43A67006E1F66 /* CloseSelected.png */ = {isa = PBXFileReference; lastKnownFileType = image.png; path = CloseSelected.png; sourceTree = "<group>"; };
		46880B7A19C43A67006E1F66 /* HelloWorld.png */ = {isa = PBXFileReference; lastKnownFileType = image.png; path = HelloWorld.png; sourceTree = "<group>"; };
		46880B8419C43A87006E1F66 /* AppDelegate.cpp */ = {isa = PBXFileReference; fileEncoding = 4; lastKnownFileType = sourcecode.cpp.cpp; path = AppDelegate.cpp; sourceTree = "<group>"; };
		46880B8519C43A87006E1F66 /* AppDelegate.h */ = {isa = PBXFileReference; fileEncoding = 4; lastKnownFileType = sourcecode.c.h; path = AppDelegate.h; sourceTree = "<group>"; };
		46880B8619C43A87006E1F66 /* HelloWorldScene.cpp */ = {isa = PBXFileReference; fileEncoding = 4; lastKnownFileType = sourcecode.cpp.cpp; path = HelloWorldScene.cpp; sourceTree = "<group>"; };
		46880B8719C43A87006E1F66 /* HelloWorldScene.h */ = {isa = PBXFileReference; fileEncoding = 4; lastKnownFileType = sourcecode.c.h; path = HelloWorldScene.h; sourceTree = "<group>"; };
		503AE0F617EB97AB00D1A890 /* Icon.icns */ = {isa = PBXFileReference; lastKnownFileType = image.icns; path = Icon.icns; sourceTree = "<group>"; };
		503AE0F717EB97AB00D1A890 /* Info.plist */ = {isa = PBXFileReference; fileEncoding = 4; lastKnownFileType = text.plist.xml; path = Info.plist; sourceTree = "<group>"; };
		503AE0FA17EB989F00D1A890 /* AppController.h */ = {isa = PBXFileReference; fileEncoding = 4; lastKnownFileType = sourcecode.c.h; name = AppController.h; path = ios/AppController.h; sourceTree = SOURCE_ROOT; };
		503AE0FB17EB989F00D1A890 /* AppController.mm */ = {isa = PBXFileReference; fileEncoding = 4; lastKnownFileType = sourcecode.cpp.objcpp; name = AppController.mm; path = ios/AppController.mm; sourceTree = SOURCE_ROOT; };
		503AE0FC17EB989F00D1A890 /* main.m */ = {isa = PBXFileReference; fileEncoding = 4; lastKnownFileType = sourcecode.c.objc; name = main.m; path = ios/main.m; sourceTree = SOURCE_ROOT; };
		503AE0FD17EB989F00D1A890 /* Prefix.pch */ = {isa = PBXFileReference; fileEncoding = 4; lastKnownFileType = sourcecode.c.h; name = Prefix.pch; path = ios/Prefix.pch; sourceTree = SOURCE_ROOT; };
		503AE0FE17EB989F00D1A890 /* RootViewController.h */ = {isa = PBXFileReference; fileEncoding = 4; lastKnownFileType = sourcecode.c.h; name = RootViewController.h; path = ios/RootViewController.h; sourceTree = SOURCE_ROOT; };
		503AE0FF17EB989F00D1A890 /* RootViewController.mm */ = {isa = PBXFileReference; fileEncoding = 4; lastKnownFileType = sourcecode.cpp.objcpp; name = RootViewController.mm; path = ios/RootViewController.mm; sourceTree = SOURCE_ROOT; };
		503AE10317EB98FF00D1A890 /* main.cpp */ = {isa = PBXFileReference; fileEncoding = 4; lastKnownFileType = sourcecode.cpp.cpp; name = main.cpp; path = mac/main.cpp; sourceTree = "<group>"; };
		503AE10417EB98FF00D1A890 /* Prefix.pch */ = {isa = PBXFileReference; fileEncoding = 4; lastKnownFileType = sourcecode.c.h; name = Prefix.pch; path = mac/Prefix.pch; sourceTree = "<group>"; };
		503AE11117EB99EE00D1A890 /* libcurl.dylib */ = {isa = PBXFileReference; lastKnownFileType = "compiled.mach-o.dylib"; name = libcurl.dylib; path = usr/lib/libcurl.dylib; sourceTree = SDKROOT; };
		503AE11A17EB9C5A00D1A890 /* IOKit.framework */ = {isa = PBXFileReference; lastKnownFileType = wrapper.framework; name = IOKit.framework; path = System/Library/Frameworks/IOKit.framework; sourceTree = SDKROOT; };
		5087E76F17EB910900C73F5D /* yantongbrother Mac.app */ = {isa = PBXFileReference; explicitFileType = wrapper.application; includeInIndex = 0; path = "yantongbrother Mac.app"; sourceTree = BUILT_PRODUCTS_DIR; };
		5087E77217EB970100C73F5D /* Default-568h@2x.png */ = {isa = PBXFileReference; lastKnownFileType = image.png; path = "Default-568h@2x.png"; sourceTree = "<group>"; };
		5087E77317EB970100C73F5D /* Default.png */ = {isa = PBXFileReference; lastKnownFileType = image.png; path = Default.png; sourceTree = "<group>"; };
		5087E77417EB970100C73F5D /* Default@2x.png */ = {isa = PBXFileReference; lastKnownFileType = image.png; path = "Default@2x.png"; sourceTree = "<group>"; };
		5087E77617EB970100C73F5D /* Icon-120.png */ = {isa = PBXFileReference; lastKnownFileType = image.png; path = "Icon-120.png"; sourceTree = "<group>"; };
		5087E77817EB970100C73F5D /* Icon-152.png */ = {isa = PBXFileReference; lastKnownFileType = image.png; path = "Icon-152.png"; sourceTree = "<group>"; };
		5087E77A17EB970100C73F5D /* Icon-72.png */ = {isa = PBXFileReference; lastKnownFileType = image.png; path = "Icon-72.png"; sourceTree = "<group>"; };
		5087E77B17EB970100C73F5D /* Icon-76.png */ = {isa = PBXFileReference; lastKnownFileType = image.png; path = "Icon-76.png"; sourceTree = "<group>"; };
		5087E77C17EB970100C73F5D /* Info.plist */ = {isa = PBXFileReference; fileEncoding = 4; lastKnownFileType = text.plist.xml; path = Info.plist; sourceTree = "<group>"; };
		5087E78817EB974C00C73F5D /* AppKit.framework */ = {isa = PBXFileReference; lastKnownFileType = wrapper.framework; name = AppKit.framework; path = System/Library/Frameworks/AppKit.framework; sourceTree = SDKROOT; };
		5087E78A17EB975400C73F5D /* OpenGL.framework */ = {isa = PBXFileReference; lastKnownFileType = wrapper.framework; name = OpenGL.framework; path = System/Library/Frameworks/OpenGL.framework; sourceTree = SDKROOT; };
		521A8E6219F0C34300D177D7 /* Default-667h@2x.png */ = {isa = PBXFileReference; lastKnownFileType = image.png; path = "Default-667h@2x.png"; sourceTree = "<group>"; };
		521A8E6319F0C34300D177D7 /* Default-736h@3x.png */ = {isa = PBXFileReference; lastKnownFileType = image.png; path = "Default-736h@3x.png"; sourceTree = "<group>"; };
		52B47A461A53D09B004E4C60 /* Security.framework */ = {isa = PBXFileReference; lastKnownFileType = wrapper.framework; name = Security.framework; path = Platforms/iPhoneOS.platform/Developer/SDKs/iPhoneOS8.1.sdk/System/Library/Frameworks/Security.framework; sourceTree = DEVELOPER_DIR; };
		BF170DB012928DE900B8313A /* OpenGLES.framework */ = {isa = PBXFileReference; lastKnownFileType = wrapper.framework; name = OpenGLES.framework; path = System/Library/Frameworks/OpenGLES.framework; sourceTree = SDKROOT; };
		BF170DB412928DE900B8313A /* libz.dylib */ = {isa = PBXFileReference; lastKnownFileType = "compiled.mach-o.dylib"; name = libz.dylib; path = usr/lib/libz.dylib; sourceTree = SDKROOT; };
		BF1C47EA1293683800B63C5D /* QuartzCore.framework */ = {isa = PBXFileReference; lastKnownFileType = wrapper.framework; name = QuartzCore.framework; path = System/Library/Frameworks/QuartzCore.framework; sourceTree = SDKROOT; };
		D44C620B132DFF330009C878 /* OpenAL.framework */ = {isa = PBXFileReference; lastKnownFileType = wrapper.framework; name = OpenAL.framework; path = System/Library/Frameworks/OpenAL.framework; sourceTree = SDKROOT; };
		D44C620D132DFF430009C878 /* AVFoundation.framework */ = {isa = PBXFileReference; lastKnownFileType = wrapper.framework; name = AVFoundation.framework; path = System/Library/Frameworks/AVFoundation.framework; sourceTree = SDKROOT; };
		D44C620F132DFF4E0009C878 /* AudioToolbox.framework */ = {isa = PBXFileReference; lastKnownFileType = wrapper.framework; name = AudioToolbox.framework; path = System/Library/Frameworks/AudioToolbox.framework; sourceTree = SDKROOT; };
		D6B0611A1803AB670077942B /* CoreMotion.framework */ = {isa = PBXFileReference; lastKnownFileType = wrapper.framework; name = CoreMotion.framework; path = Platforms/iPhoneOS.platform/Developer/SDKs/iPhoneOS7.0.sdk/System/Library/Frameworks/CoreMotion.framework; sourceTree = DEVELOPER_DIR; };
		FE2F6E1E1A9867F7003606D6 /* yantongbrother iOS copy.app */ = {isa = PBXFileReference; explicitFileType = wrapper.application; includeInIndex = 0; path = "yantongbrother iOS copy.app"; sourceTree = BUILT_PRODUCTS_DIR; };
		FE2F6E201A986CCA003606D6 /* free_ads-Info.plist */ = {isa = PBXFileReference; fileEncoding = 4; lastKnownFileType = text.plist.xml; path = "free_ads-Info.plist"; sourceTree = "<group>"; };
		FE63ECBA1A91D93000617890 /* Config.h */ = {isa = PBXFileReference; fileEncoding = 4; lastKnownFileType = sourcecode.c.h; path = Config.h; sourceTree = "<group>"; };
		FE63ECBB1A91D93000617890 /* DataHome.cpp */ = {isa = PBXFileReference; fileEncoding = 4; lastKnownFileType = sourcecode.cpp.cpp; path = DataHome.cpp; sourceTree = "<group>"; };
		FE63ECBC1A91D93000617890 /* DataHome.h */ = {isa = PBXFileReference; fileEncoding = 4; lastKnownFileType = sourcecode.c.h; path = DataHome.h; sourceTree = "<group>"; };
		FE63ECBD1A91D93000617890 /* GameCenterScene.cpp */ = {isa = PBXFileReference; fileEncoding = 4; lastKnownFileType = sourcecode.cpp.cpp; path = GameCenterScene.cpp; sourceTree = "<group>"; };
		FE63ECBE1A91D93000617890 /* GameCenterScene.h */ = {isa = PBXFileReference; fileEncoding = 4; lastKnownFileType = sourcecode.c.h; path = GameCenterScene.h; sourceTree = "<group>"; };
		FE63ECBF1A91D93000617890 /* GameOverLayer.h */ = {isa = PBXFileReference; fileEncoding = 4; lastKnownFileType = sourcecode.c.h; path = GameOverLayer.h; sourceTree = "<group>"; };
		FE63ECC01A91D93000617890 /* GameOverLayer.mm */ = {isa = PBXFileReference; fileEncoding = 4; lastKnownFileType = sourcecode.cpp.objcpp; path = GameOverLayer.mm; sourceTree = "<group>"; };
		FE63ECC11A91D93000617890 /* GameStartLayer.cpp */ = {isa = PBXFileReference; fileEncoding = 4; lastKnownFileType = sourcecode.cpp.cpp; path = GameStartLayer.cpp; sourceTree = "<group>"; };
		FE63ECC21A91D93000617890 /* GameStartLayer.h */ = {isa = PBXFileReference; fileEncoding = 4; lastKnownFileType = sourcecode.c.h; path = GameStartLayer.h; sourceTree = "<group>"; };
		FE63ECC31A91D93000617890 /* IADSimple.h */ = {isa = PBXFileReference; fileEncoding = 4; lastKnownFileType = sourcecode.c.h; path = IADSimple.h; sourceTree = "<group>"; };
		FE63ECC41A91D93000617890 /* IADSimple.m */ = {isa = PBXFileReference; fileEncoding = 4; lastKnownFileType = sourcecode.c.objc; path = IADSimple.m; sourceTree = "<group>"; };
		FE63ECC51A91D93000617890 /* tree.cpp */ = {isa = PBXFileReference; fileEncoding = 4; lastKnownFileType = sourcecode.cpp.cpp; path = tree.cpp; sourceTree = "<group>"; };
		FE63ECC61A91D93000617890 /* tree.h */ = {isa = PBXFileReference; fileEncoding = 4; lastKnownFileType = sourcecode.c.h; path = tree.h; sourceTree = "<group>"; };
		FE63ECD31A91DD4400617890 /* Man.h */ = {isa = PBXFileReference; fileEncoding = 4; lastKnownFileType = sourcecode.c.h; path = Man.h; sourceTree = "<group>"; };
		FE63ECD41A91DD4400617890 /* ManCopy.cpp */ = {isa = PBXFileReference; fileEncoding = 4; lastKnownFileType = sourcecode.cpp.cpp; path = ManCopy.cpp; sourceTree = "<group>"; };
		FE63ECDA1A91E6F200617890 /* fonts */ = {isa = PBXFileReference; lastKnownFileType = folder; path = fonts; sourceTree = "<group>"; };
		FE63ECDB1A91E6F200617890 /* images */ = {isa = PBXFileReference; lastKnownFileType = folder; path = images; sourceTree = "<group>"; };
		FE63ECE21A91E74700617890 /* 10056_attack.plist */ = {isa = PBXFileReference; fileEncoding = 4; lastKnownFileType = text.plist.xml; path = 10056_attack.plist; sourceTree = "<group>"; };
		FE63ECE31A91E74700617890 /* 10056_attack.png */ = {isa = PBXFileReference; lastKnownFileType = image.png; path = 10056_attack.png; sourceTree = "<group>"; };
		FE63ECE41A91E74700617890 /* 10056_hurt.plist */ = {isa = PBXFileReference; fileEncoding = 4; lastKnownFileType = text.plist.xml; path = 10056_hurt.plist; sourceTree = "<group>"; };
		FE63ECE51A91E74700617890 /* 10056_hurt.png */ = {isa = PBXFileReference; lastKnownFileType = image.png; path = 10056_hurt.png; sourceTree = "<group>"; };
		FE63ECE61A91E74700617890 /* 10056_run.plist */ = {isa = PBXFileReference; fileEncoding = 4; lastKnownFileType = text.plist.xml; path = 10056_run.plist; sourceTree = "<group>"; };
		FE63ECE71A91E74700617890 /* 10056_run.png */ = {isa = PBXFileReference; lastKnownFileType = image.png; path = 10056_run.png; sourceTree = "<group>"; };
		FE63ECE81A91E74700617890 /* 10056_spell.plist */ = {isa = PBXFileReference; fileEncoding = 4; lastKnownFileType = text.plist.xml; path = 10056_spell.plist; sourceTree = "<group>"; };
		FE63ECE91A91E74700617890 /* 10056_spell.png */ = {isa = PBXFileReference; lastKnownFileType = image.png; path = 10056_spell.png; sourceTree = "<group>"; };
		FE63ECEA1A91E74700617890 /* 10056_stand.plist */ = {isa = PBXFileReference; fileEncoding = 4; lastKnownFileType = text.plist.xml; path = 10056_stand.plist; sourceTree = "<group>"; };
		FE63ECEB1A91E74700617890 /* 10056_stand.png */ = {isa = PBXFileReference; lastKnownFileType = image.png; path = 10056_stand.png; sourceTree = "<group>"; };
		FE63ECEC1A91E74700617890 /* 10056_stand2.png */ = {isa = PBXFileReference; lastKnownFileType = image.png; path = 10056_stand2.png; sourceTree = "<group>"; };
		FE63ED061A9221F400617890 /* Icon.png */ = {isa = PBXFileReference; lastKnownFileType = image.png; path = Icon.png; sourceTree = "<group>"; };
		FE63ED071A9221F400617890 /* Icon@2x.png */ = {isa = PBXFileReference; lastKnownFileType = image.png; path = "Icon@2x.png"; sourceTree = "<group>"; };
		FE84591C1A950544006500A4 /* Icon-29.png */ = {isa = PBXFileReference; lastKnownFileType = image.png; path = "Icon-29.png"; sourceTree = "<group>"; };
		FE84591D1A950544006500A4 /* Icon-58.png */ = {isa = PBXFileReference; lastKnownFileType = image.png; path = "Icon-58.png"; sourceTree = "<group>"; };
		FE84591E1A950544006500A4 /* Icon-80.png */ = {isa = PBXFileReference; lastKnownFileType = image.png; path = "Icon-80.png"; sourceTree = "<group>"; };
		FE84591F1A950544006500A4 /* Icon-100.png */ = {isa = PBXFileReference; lastKnownFileType = image.png; path = "Icon-100.png"; sourceTree = "<group>"; };
		FE8459201A950544006500A4 /* Icon-144.png */ = {isa = PBXFileReference; lastKnownFileType = image.png; path = "Icon-144.png"; sourceTree = "<group>"; };
		FE84592B1A950544006500A4 /* Icon-50.png */ = {isa = PBXFileReference; lastKnownFileType = image.png; path = "Icon-50.png"; sourceTree = "<group>"; };
		FE84592F1A950544006500A4 /* Icon-40.png */ = {isa = PBXFileReference; lastKnownFileType = image.png; path = "Icon-40.png"; sourceTree = "<group>"; };
		FE8459301A950544006500A4 /* Icon-114.png */ = {isa = PBXFileReference; lastKnownFileType = image.png; path = "Icon-114.png"; sourceTree = "<group>"; };
		FE8459371A950544006500A4 /* Icon-57.png */ = {isa = PBXFileReference; lastKnownFileType = image.png; path = "Icon-57.png"; sourceTree = "<group>"; };
		FEAEEBA11A93D60C001905E8 /* MUtils.cpp */ = {isa = PBXFileReference; fileEncoding = 4; lastKnownFileType = sourcecode.cpp.cpp; path = MUtils.cpp; sourceTree = "<group>"; };
		FEAEEBA21A93D60C001905E8 /* MUtils.h */ = {isa = PBXFileReference; fileEncoding = 4; lastKnownFileType = sourcecode.c.h; path = MUtils.h; sourceTree = "<group>"; };
/* End PBXFileReference section */

/* Begin PBXFrameworksBuildPhase section */
		1D60588F0D05DD3D006BFB54 /* Frameworks */ = {
			isa = PBXFrameworksBuildPhase;
			buildActionMask = 2147483647;
			files = (
				52B47A471A53D09C004E4C60 /* Security.framework in Frameworks */,
				1AC6FB30180E99EB004C840B /* libcocos2d iOS.a in Frameworks */,
				D6B0611B1803AB670077942B /* CoreMotion.framework in Frameworks */,
				1D60589F0D05DD5A006BFB54 /* Foundation.framework in Frameworks */,
				1DF5F4E00D08C38300B7A737 /* UIKit.framework in Frameworks */,
				288765A50DF7441C002DB57D /* CoreGraphics.framework in Frameworks */,
				BF171245129291EC00B8313A /* OpenGLES.framework in Frameworks */,
				BF1712471292920000B8313A /* libz.dylib in Frameworks */,
				BF1C47F01293687400B63C5D /* QuartzCore.framework in Frameworks */,
				D44C620C132DFF330009C878 /* OpenAL.framework in Frameworks */,
				D44C620E132DFF430009C878 /* AVFoundation.framework in Frameworks */,
				D44C6210132DFF4E0009C878 /* AudioToolbox.framework in Frameworks */,
			);
			runOnlyForDeploymentPostprocessing = 0;
		};
		5087E75C17EB910900C73F5D /* Frameworks */ = {
			isa = PBXFrameworksBuildPhase;
			buildActionMask = 2147483647;
			files = (
				1AC6FB21180E996B004C840B /* libcocos2d Mac.a in Frameworks */,
				5087E76717EB910900C73F5D /* libz.dylib in Frameworks */,
				503AE11B17EB9C5A00D1A890 /* IOKit.framework in Frameworks */,
				5087E78B17EB975400C73F5D /* OpenGL.framework in Frameworks */,
				5087E78917EB974C00C73F5D /* AppKit.framework in Frameworks */,
				5087E76317EB910900C73F5D /* Foundation.framework in Frameworks */,
				5087E76817EB910900C73F5D /* QuartzCore.framework in Frameworks */,
				5087E76917EB910900C73F5D /* OpenAL.framework in Frameworks */,
				5087E76A17EB910900C73F5D /* AVFoundation.framework in Frameworks */,
				5087E76B17EB910900C73F5D /* AudioToolbox.framework in Frameworks */,
			);
			runOnlyForDeploymentPostprocessing = 0;
		};
		FE2F6E0E1A9867F7003606D6 /* Frameworks */ = {
			isa = PBXFrameworksBuildPhase;
			buildActionMask = 2147483647;
			files = (
				FE2F6E0F1A9867F7003606D6 /* Security.framework in Frameworks */,
				FE2F6E101A9867F7003606D6 /* libcocos2d iOS.a in Frameworks */,
				FE2F6E111A9867F7003606D6 /* CoreMotion.framework in Frameworks */,
				FE2F6E121A9867F7003606D6 /* Foundation.framework in Frameworks */,
				FE2F6E131A9867F7003606D6 /* UIKit.framework in Frameworks */,
				FE2F6E141A9867F7003606D6 /* CoreGraphics.framework in Frameworks */,
				FE2F6E151A9867F7003606D6 /* OpenGLES.framework in Frameworks */,
				FE2F6E161A9867F7003606D6 /* libz.dylib in Frameworks */,
				FE2F6E171A9867F7003606D6 /* QuartzCore.framework in Frameworks */,
				FE2F6E181A9867F7003606D6 /* OpenAL.framework in Frameworks */,
				FE2F6E191A9867F7003606D6 /* AVFoundation.framework in Frameworks */,
				FE2F6E1A1A9867F7003606D6 /* AudioToolbox.framework in Frameworks */,
			);
			runOnlyForDeploymentPostprocessing = 0;
		};
/* End PBXFrameworksBuildPhase section */

/* Begin PBXGroup section */
		080E96DDFE201D6D7F000001 /* ios */ = {
			isa = PBXGroup;
			children = (
				5087E77117EB970100C73F5D /* Icons */,
				503AE0FA17EB989F00D1A890 /* AppController.h */,
				503AE0FB17EB989F00D1A890 /* AppController.mm */,
				503AE0FC17EB989F00D1A890 /* main.m */,
				503AE0FD17EB989F00D1A890 /* Prefix.pch */,
				503AE0FE17EB989F00D1A890 /* RootViewController.h */,
				503AE0FF17EB989F00D1A890 /* RootViewController.mm */,
			);
			name = ios;
			path = Classes;
			sourceTree = "<group>";
		};
		19C28FACFE9D520D11CA2CBB /* Products */ = {
			isa = PBXGroup;
			children = (
				1D6058910D05DD3D006BFB54 /* yantongbrother iOS.app */,
				5087E76F17EB910900C73F5D /* yantongbrother Mac.app */,
				FE2F6E1E1A9867F7003606D6 /* yantongbrother iOS copy.app */,
			);
			name = Products;
			sourceTree = "<group>";
		};
		1AC6FAE6180E9839004C840B /* Products */ = {
			isa = PBXGroup;
			children = (
				1AC6FAF9180E9839004C840B /* libcocos2d Mac.a */,
				1AC6FB07180E9839004C840B /* libcocos2d iOS.a */,
			);
			name = Products;
			sourceTree = "<group>";
		};
		29B97314FDCFA39411CA2CEA /* CustomTemplate */ = {
			isa = PBXGroup;
			children = (
				46880B8319C43A87006E1F66 /* Classes */,
				46880B7519C43A67006E1F66 /* Resources */,
				1AC6FAE5180E9839004C840B /* cocos2d_libs.xcodeproj */,
				29B97323FDCFA39411CA2CEA /* Frameworks */,
				080E96DDFE201D6D7F000001 /* ios */,
				503AE10617EB990700D1A890 /* mac */,
				19C28FACFE9D520D11CA2CBB /* Products */,
			);
			name = CustomTemplate;
			sourceTree = "<group>";
		};
		29B97323FDCFA39411CA2CEA /* Frameworks */ = {
			isa = PBXGroup;
			children = (
				52B47A461A53D09B004E4C60 /* Security.framework */,
				D6B0611A1803AB670077942B /* CoreMotion.framework */,
				503AE11A17EB9C5A00D1A890 /* IOKit.framework */,
				503AE11117EB99EE00D1A890 /* libcurl.dylib */,
				5087E78A17EB975400C73F5D /* OpenGL.framework */,
				5087E78817EB974C00C73F5D /* AppKit.framework */,
				1ACB3243164770DE00914215 /* libcurl.a */,
				BF170DB412928DE900B8313A /* libz.dylib */,
				D44C620F132DFF4E0009C878 /* AudioToolbox.framework */,
				D44C620D132DFF430009C878 /* AVFoundation.framework */,
				288765A40DF7441C002DB57D /* CoreGraphics.framework */,
				1D30AB110D05D00D00671497 /* Foundation.framework */,
				D44C620B132DFF330009C878 /* OpenAL.framework */,
				BF170DB012928DE900B8313A /* OpenGLES.framework */,
				BF1C47EA1293683800B63C5D /* QuartzCore.framework */,
				1DF5F4DF0D08C38300B7A737 /* UIKit.framework */,
			);
			name = Frameworks;
			sourceTree = "<group>";
		};
		46880B7519C43A67006E1F66 /* Resources */ = {
			isa = PBXGroup;
			children = (
				FE63ECE21A91E74700617890 /* 10056_attack.plist */,
				FE63ECE31A91E74700617890 /* 10056_attack.png */,
				FE63ECE41A91E74700617890 /* 10056_hurt.plist */,
				FE63ECE51A91E74700617890 /* 10056_hurt.png */,
				FE63ECE61A91E74700617890 /* 10056_run.plist */,
				FE63ECE71A91E74700617890 /* 10056_run.png */,
				FE63ECE81A91E74700617890 /* 10056_spell.plist */,
				FE63ECE91A91E74700617890 /* 10056_spell.png */,
				FE63ECEA1A91E74700617890 /* 10056_stand.plist */,
				FE63ECEB1A91E74700617890 /* 10056_stand.png */,
				FE63ECEC1A91E74700617890 /* 10056_stand2.png */,
				FE63ECDA1A91E6F200617890 /* fonts */,
				FE63ECDB1A91E6F200617890 /* images */,
				46880B7619C43A67006E1F66 /* CloseNormal.png */,
				46880B7719C43A67006E1F66 /* CloseSelected.png */,
				46880B7A19C43A67006E1F66 /* HelloWorld.png */,
			);
			name = Resources;
			path = ../Resources;
			sourceTree = "<group>";
		};
		46880B8319C43A87006E1F66 /* Classes */ = {
			isa = PBXGroup;
			children = (
				FEAEEB9F1A93D490001905E8 /* lib */,
				46880B8419C43A87006E1F66 /* AppDelegate.cpp */,
				46880B8519C43A87006E1F66 /* AppDelegate.h */,
				46880B8619C43A87006E1F66 /* HelloWorldScene.cpp */,
				46880B8719C43A87006E1F66 /* HelloWorldScene.h */,
				FE63ECBA1A91D93000617890 /* Config.h */,
				FE63ECBB1A91D93000617890 /* DataHome.cpp */,
				FE63ECBC1A91D93000617890 /* DataHome.h */,
				FE63ECBD1A91D93000617890 /* GameCenterScene.cpp */,
				FE63ECBE1A91D93000617890 /* GameCenterScene.h */,
				FE63ECBF1A91D93000617890 /* GameOverLayer.h */,
				FE63ECC01A91D93000617890 /* GameOverLayer.mm */,
				FE63ECC11A91D93000617890 /* GameStartLayer.cpp */,
				FE63ECC21A91D93000617890 /* GameStartLayer.h */,
				FE63ECC31A91D93000617890 /* IADSimple.h */,
				FE63ECC41A91D93000617890 /* IADSimple.m */,
				FE63ECC51A91D93000617890 /* tree.cpp */,
				FE63ECC61A91D93000617890 /* tree.h */,
				FE63ECD31A91DD4400617890 /* Man.h */,
				FE63ECD41A91DD4400617890 /* ManCopy.cpp */,
			);
			name = Classes;
			path = ../Classes;
			sourceTree = "<group>";
		};
		503AE0F517EB97AB00D1A890 /* Icons */ = {
			isa = PBXGroup;
			children = (
				503AE0F617EB97AB00D1A890 /* Icon.icns */,
				503AE0F717EB97AB00D1A890 /* Info.plist */,
			);
			name = Icons;
			path = mac;
			sourceTree = SOURCE_ROOT;
		};
		503AE10617EB990700D1A890 /* mac */ = {
			isa = PBXGroup;
			children = (
				503AE0F517EB97AB00D1A890 /* Icons */,
				503AE10317EB98FF00D1A890 /* main.cpp */,
				503AE10417EB98FF00D1A890 /* Prefix.pch */,
			);
			name = mac;
			sourceTree = "<group>";
		};
		5087E77117EB970100C73F5D /* Icons */ = {
			isa = PBXGroup;
			children = (
				521A8E6219F0C34300D177D7 /* Default-667h@2x.png */,
				521A8E6319F0C34300D177D7 /* Default-736h@3x.png */,
				5087E77217EB970100C73F5D /* Default-568h@2x.png */,
				5087E77317EB970100C73F5D /* Default.png */,
				5087E77417EB970100C73F5D /* Default@2x.png */,
				5087E77617EB970100C73F5D /* Icon-120.png */,
				5087E77817EB970100C73F5D /* Icon-152.png */,
				5087E77A17EB970100C73F5D /* Icon-72.png */,
				5087E77B17EB970100C73F5D /* Icon-76.png */,
				FE84592B1A950544006500A4 /* Icon-50.png */,
				FE63ED061A9221F400617890 /* Icon.png */,
				FE63ED071A9221F400617890 /* Icon@2x.png */,
				FE84591C1A950544006500A4 /* Icon-29.png */,
				FE84591D1A950544006500A4 /* Icon-58.png */,
				FE84591E1A950544006500A4 /* Icon-80.png */,
				FE84591F1A950544006500A4 /* Icon-100.png */,
				FE8459201A950544006500A4 /* Icon-144.png */,
				FE84592F1A950544006500A4 /* Icon-40.png */,
				FE8459301A950544006500A4 /* Icon-114.png */,
				FE8459371A950544006500A4 /* Icon-57.png */,
				5087E77C17EB970100C73F5D /* Info.plist */,
				FE2F6E201A986CCA003606D6 /* free_ads-Info.plist */,
			);
			name = Icons;
			path = ios;
			sourceTree = SOURCE_ROOT;
		};
		FEAEEB9F1A93D490001905E8 /* lib */ = {
			isa = PBXGroup;
			children = (
				FEAEEBA11A93D60C001905E8 /* MUtils.cpp */,
				FEAEEBA21A93D60C001905E8 /* MUtils.h */,
			);
			name = lib;
			sourceTree = "<group>";
		};
/* End PBXGroup section */

/* Begin PBXNativeTarget section */
		1D6058900D05DD3D006BFB54 /* yantongbrother iOS */ = {
			isa = PBXNativeTarget;
			buildConfigurationList = 1D6058960D05DD3E006BFB54 /* Build configuration list for PBXNativeTarget "yantongbrother iOS" */;
			buildPhases = (
				1D60588D0D05DD3D006BFB54 /* Resources */,
				1D60588E0D05DD3D006BFB54 /* Sources */,
				1D60588F0D05DD3D006BFB54 /* Frameworks */,
			);
			buildRules = (
			);
			dependencies = (
				1AC6FB25180E99E1004C840B /* PBXTargetDependency */,
			);
			name = "yantongbrother iOS";
			productName = iphone;
			productReference = 1D6058910D05DD3D006BFB54 /* yantongbrother iOS.app */;
			productType = "com.apple.product-type.application";
		};
		5087E73D17EB910900C73F5D /* yantongbrother Mac */ = {
			isa = PBXNativeTarget;
			buildConfigurationList = 5087E76C17EB910900C73F5D /* Build configuration list for PBXNativeTarget "yantongbrother Mac" */;
			buildPhases = (
				5087E74817EB910900C73F5D /* Resources */,
				5087E75617EB910900C73F5D /* Sources */,
				5087E75C17EB910900C73F5D /* Frameworks */,
			);
			buildRules = (
			);
			dependencies = (
				1AC6FB16180E9959004C840B /* PBXTargetDependency */,
			);
			name = "yantongbrother Mac";
			productName = iphone;
			productReference = 5087E76F17EB910900C73F5D /* yantongbrother Mac.app */;
			productType = "com.apple.product-type.application";
		};
		FE2F6DD81A9867F7003606D6 /* yantongbrother iOS free_ads */ = {
			isa = PBXNativeTarget;
			buildConfigurationList = FE2F6E1B1A9867F7003606D6 /* Build configuration list for PBXNativeTarget "yantongbrother iOS free_ads" */;
			buildPhases = (
				FE2F6DDB1A9867F7003606D6 /* Resources */,
				FE2F6E001A9867F7003606D6 /* Sources */,
				FE2F6E0E1A9867F7003606D6 /* Frameworks */,
			);
			buildRules = (
			);
			dependencies = (
				FE2F6DD91A9867F7003606D6 /* PBXTargetDependency */,
			);
			name = "yantongbrother iOS free_ads";
			productName = iphone;
			productReference = FE2F6E1E1A9867F7003606D6 /* yantongbrother iOS copy.app */;
			productType = "com.apple.product-type.application";
		};
/* End PBXNativeTarget section */

/* Begin PBXProject section */
		29B97313FDCFA39411CA2CEA /* Project object */ = {
			isa = PBXProject;
			attributes = {
				LastUpgradeCheck = 0500;
				TargetAttributes = {
					1D6058900D05DD3D006BFB54 = {
						DevelopmentTeam = 3N2S83TNT8;
					};
				};
			};
			buildConfigurationList = C01FCF4E08A954540054247B /* Build configuration list for PBXProject "yantongbrother" */;
			compatibilityVersion = "Xcode 3.2";
			developmentRegion = English;
			hasScannedForEncodings = 1;
			knownRegions = (
				English,
				Japanese,
				French,
				German,
			);
			mainGroup = 29B97314FDCFA39411CA2CEA /* CustomTemplate */;
			projectDirPath = "";
			projectReferences = (
				{
					ProductGroup = 1AC6FAE6180E9839004C840B /* Products */;
					ProjectRef = 1AC6FAE5180E9839004C840B /* cocos2d_libs.xcodeproj */;
				},
			);
			projectRoot = "";
			targets = (
				1D6058900D05DD3D006BFB54 /* yantongbrother iOS */,
				5087E73D17EB910900C73F5D /* yantongbrother Mac */,
				FE2F6DD81A9867F7003606D6 /* yantongbrother iOS free_ads */,
			);
		};
/* End PBXProject section */

/* Begin PBXReferenceProxy section */
		1AC6FAF9180E9839004C840B /* libcocos2d Mac.a */ = {
			isa = PBXReferenceProxy;
			fileType = archive.ar;
			path = "libcocos2d Mac.a";
			remoteRef = 1AC6FAF8180E9839004C840B /* PBXContainerItemProxy */;
			sourceTree = BUILT_PRODUCTS_DIR;
		};
		1AC6FB07180E9839004C840B /* libcocos2d iOS.a */ = {
			isa = PBXReferenceProxy;
			fileType = archive.ar;
			path = "libcocos2d iOS.a";
			remoteRef = 1AC6FB06180E9839004C840B /* PBXContainerItemProxy */;
			sourceTree = BUILT_PRODUCTS_DIR;
		};
/* End PBXReferenceProxy section */

/* Begin PBXResourcesBuildPhase section */
		1D60588D0D05DD3D006BFB54 /* Resources */ = {
			isa = PBXResourcesBuildPhase;
			buildActionMask = 2147483647;
			files = (
				FE63ECFD1A91E74700617890 /* 10056_stand.plist in Resources */,
				5087E78117EB970100C73F5D /* Icon-120.png in Resources */,
				FE63ECF51A91E74700617890 /* 10056_run.plist in Resources */,
				FE8459211A950544006500A4 /* Icon-29.png in Resources */,
				5087E78617EB970100C73F5D /* Icon-76.png in Resources */,
				FE8459251A950544006500A4 /* Icon-80.png in Resources */,
				FE8459351A950544006500A4 /* Icon-114.png in Resources */,
				FE8459271A950544006500A4 /* Icon-100.png in Resources */,
				FE8459291A950544006500A4 /* Icon-144.png in Resources */,
				FE8459381A950544006500A4 /* Icon-57.png in Resources */,
				5087E77F17EB970100C73F5D /* Default@2x.png in Resources */,
				5087E78317EB970100C73F5D /* Icon-152.png in Resources */,
				FE63ECFF1A91E74700617890 /* 10056_stand.png in Resources */,
				FE63ECEF1A91E74700617890 /* 10056_attack.png in Resources */,
				46880B8119C43A67006E1F66 /* HelloWorld.png in Resources */,
				46880B7D19C43A67006E1F66 /* CloseSelected.png in Resources */,
				5087E77D17EB970100C73F5D /* Default-568h@2x.png in Resources */,
				FE63ED101A9221F400617890 /* Icon@2x.png in Resources */,
				5087E78517EB970100C73F5D /* Icon-72.png in Resources */,
				521A8E6519F0C34300D177D7 /* Default-736h@3x.png in Resources */,
				FE63ECE01A91E6F200617890 /* images in Resources */,
				FE63ECF71A91E74700617890 /* 10056_run.png in Resources */,
				FE63ECFB1A91E74700617890 /* 10056_spell.png in Resources */,
				FE63ECDE1A91E6F200617890 /* fonts in Resources */,
				FE63ECED1A91E74700617890 /* 10056_attack.plist in Resources */,
				FE8459331A950544006500A4 /* Icon-40.png in Resources */,
				FE84592C1A950544006500A4 /* Icon-50.png in Resources */,
				FE63ECF91A91E74700617890 /* 10056_spell.plist in Resources */,
				FE63ECF31A91E74700617890 /* 10056_hurt.png in Resources */,
				FE63ED011A91E74700617890 /* 10056_stand2.png in Resources */,
				5087E77E17EB970100C73F5D /* Default.png in Resources */,
				521A8E6419F0C34300D177D7 /* Default-667h@2x.png in Resources */,
				FE63ED0E1A9221F400617890 /* Icon.png in Resources */,
				46880B7B19C43A67006E1F66 /* CloseNormal.png in Resources */,
				FE63ECF11A91E74700617890 /* 10056_hurt.plist in Resources */,
				FE8459231A950544006500A4 /* Icon-58.png in Resources */,
			);
			runOnlyForDeploymentPostprocessing = 0;
		};
		5087E74817EB910900C73F5D /* Resources */ = {
			isa = PBXResourcesBuildPhase;
			buildActionMask = 2147483647;
			files = (
				46880B8219C43A67006E1F66 /* HelloWorld.png in Resources */,
				FE63ECFC1A91E74700617890 /* 10056_spell.png in Resources */,
				503AE0F817EB97AB00D1A890 /* Icon.icns in Resources */,
				FE63ECDF1A91E6F200617890 /* fonts in Resources */,
				FE63ED111A9221F400617890 /* Icon@2x.png in Resources */,
				FE63ECF61A91E74700617890 /* 10056_run.plist in Resources */,
				FE8459241A950544006500A4 /* Icon-58.png in Resources */,
				FE84592A1A950544006500A4 /* Icon-144.png in Resources */,
				FE63ECFE1A91E74700617890 /* 10056_stand.plist in Resources */,
				FE63ECF81A91E74700617890 /* 10056_run.png in Resources */,
				FE63ED001A91E74700617890 /* 10056_stand.png in Resources */,
				FE8459361A950544006500A4 /* Icon-114.png in Resources */,
				FE63ECF21A91E74700617890 /* 10056_hurt.plist in Resources */,
				FE63ED021A91E74700617890 /* 10056_stand2.png in Resources */,
				FE63ED0F1A9221F400617890 /* Icon.png in Resources */,
				FE63ECEE1A91E74700617890 /* 10056_attack.plist in Resources */,
				FE8459261A950544006500A4 /* Icon-80.png in Resources */,
				FE8459221A950544006500A4 /* Icon-29.png in Resources */,
				FE84592D1A950544006500A4 /* Icon-50.png in Resources */,
				FE63ECE11A91E6F200617890 /* images in Resources */,
				FE63ECFA1A91E74700617890 /* 10056_spell.plist in Resources */,
				46880B7C19C43A67006E1F66 /* CloseNormal.png in Resources */,
				FE63ECF41A91E74700617890 /* 10056_hurt.png in Resources */,
				FE63ECF01A91E74700617890 /* 10056_attack.png in Resources */,
				FE8459281A950544006500A4 /* Icon-100.png in Resources */,
				46880B7E19C43A67006E1F66 /* CloseSelected.png in Resources */,
				FE8459341A950544006500A4 /* Icon-40.png in Resources */,
				FE8459391A950544006500A4 /* Icon-57.png in Resources */,
			);
			runOnlyForDeploymentPostprocessing = 0;
		};
		FE2F6DDB1A9867F7003606D6 /* Resources */ = {
			isa = PBXResourcesBuildPhase;
			buildActionMask = 2147483647;
			files = (
				FE2F6DDC1A9867F7003606D6 /* 10056_stand.plist in Resources */,
				FE2F6DDD1A9867F7003606D6 /* Icon-120.png in Resources */,
				FE2F6DDE1A9867F7003606D6 /* 10056_run.plist in Resources */,
				FE2F6DDF1A9867F7003606D6 /* Icon-29.png in Resources */,
				FE2F6DE01A9867F7003606D6 /* Icon-76.png in Resources */,
				FE2F6DE11A9867F7003606D6 /* Icon-80.png in Resources */,
				FE2F6DE21A9867F7003606D6 /* Icon-114.png in Resources */,
				FE2F6DE31A9867F7003606D6 /* Icon-100.png in Resources */,
				FE2F6DE41A9867F7003606D6 /* Icon-144.png in Resources */,
				FE2F6E211A986CCA003606D6 /* free_ads-Info.plist in Resources */,
				FE2F6DE51A9867F7003606D6 /* Icon-57.png in Resources */,
				FE2F6DE61A9867F7003606D6 /* Default@2x.png in Resources */,
				FE2F6DE71A9867F7003606D6 /* Icon-152.png in Resources */,
				FE2F6DE81A9867F7003606D6 /* 10056_stand.png in Resources */,
				FE2F6DE91A9867F7003606D6 /* 10056_attack.png in Resources */,
				FE2F6DEA1A9867F7003606D6 /* HelloWorld.png in Resources */,
				FE2F6DEB1A9867F7003606D6 /* CloseSelected.png in Resources */,
				FE2F6DEC1A9867F7003606D6 /* Default-568h@2x.png in Resources */,
				FE2F6DED1A9867F7003606D6 /* Icon@2x.png in Resources */,
				FE2F6DEE1A9867F7003606D6 /* Icon-72.png in Resources */,
				FE2F6DEF1A9867F7003606D6 /* Default-736h@3x.png in Resources */,
				FE2F6DF01A9867F7003606D6 /* images in Resources */,
				FE2F6DF11A9867F7003606D6 /* 10056_run.png in Resources */,
				FE2F6DF21A9867F7003606D6 /* 10056_spell.png in Resources */,
				FE2F6DF31A9867F7003606D6 /* fonts in Resources */,
				FE2F6DF41A9867F7003606D6 /* 10056_attack.plist in Resources */,
				FE2F6DF51A9867F7003606D6 /* Icon-40.png in Resources */,
				FE2F6DF61A9867F7003606D6 /* Icon-50.png in Resources */,
				FE2F6DF71A9867F7003606D6 /* 10056_spell.plist in Resources */,
				FE2F6DF81A9867F7003606D6 /* 10056_hurt.png in Resources */,
				FE2F6DF91A9867F7003606D6 /* 10056_stand2.png in Resources */,
				FE2F6DFA1A9867F7003606D6 /* Default.png in Resources */,
				FE2F6DFB1A9867F7003606D6 /* Default-667h@2x.png in Resources */,
				FE2F6DFC1A9867F7003606D6 /* Icon.png in Resources */,
				FE2F6DFD1A9867F7003606D6 /* CloseNormal.png in Resources */,
				FE2F6DFE1A9867F7003606D6 /* 10056_hurt.plist in Resources */,
				FE2F6DFF1A9867F7003606D6 /* Icon-58.png in Resources */,
			);
			runOnlyForDeploymentPostprocessing = 0;
		};
/* End PBXResourcesBuildPhase section */

/* Begin PBXSourcesBuildPhase section */
		1D60588E0D05DD3D006BFB54 /* Sources */ = {
			isa = PBXSourcesBuildPhase;
			buildActionMask = 2147483647;
			files = (
				FE63ECCD1A91D93000617890 /* GameStartLayer.cpp in Sources */,
				46880B8819C43A87006E1F66 /* AppDelegate.cpp in Sources */,
				FE63ECCF1A91D93000617890 /* IADSimple.m in Sources */,
				46880B8A19C43A87006E1F66 /* HelloWorldScene.cpp in Sources */,
				FE63ECC71A91D93000617890 /* DataHome.cpp in Sources */,
				FE63ECCB1A91D93000617890 /* GameOverLayer.mm in Sources */,
				503AE10017EB989F00D1A890 /* AppController.mm in Sources */,
				FEAEEBA31A93D60C001905E8 /* MUtils.cpp in Sources */,
				FE63ECD11A91D93000617890 /* tree.cpp in Sources */,
				503AE10217EB989F00D1A890 /* RootViewController.mm in Sources */,
				503AE10117EB989F00D1A890 /* main.m in Sources */,
				FE63ECC91A91D93000617890 /* GameCenterScene.cpp in Sources */,
				FE63ECD51A91DD4400617890 /* ManCopy.cpp in Sources */,
			);
			runOnlyForDeploymentPostprocessing = 0;
		};
		5087E75617EB910900C73F5D /* Sources */ = {
			isa = PBXSourcesBuildPhase;
			buildActionMask = 2147483647;
			files = (
				FE63ECC81A91D93000617890 /* DataHome.cpp in Sources */,
				46880B8919C43A87006E1F66 /* AppDelegate.cpp in Sources */,
				FE63ECD21A91D93000617890 /* tree.cpp in Sources */,
				503AE10517EB98FF00D1A890 /* main.cpp in Sources */,
				FE63ECCA1A91D93000617890 /* GameCenterScene.cpp in Sources */,
				FE63ECD61A91DD4400617890 /* ManCopy.cpp in Sources */,
				FE63ECCE1A91D93000617890 /* GameStartLayer.cpp in Sources */,
				46880B8B19C43A87006E1F66 /* HelloWorldScene.cpp in Sources */,
				FE63ECD01A91D93000617890 /* IADSimple.m in Sources */,
				FE63ECCC1A91D93000617890 /* GameOverLayer.mm in Sources */,
			);
			runOnlyForDeploymentPostprocessing = 0;
		};
		FE2F6E001A9867F7003606D6 /* Sources */ = {
			isa = PBXSourcesBuildPhase;
			buildActionMask = 2147483647;
			files = (
				FE2F6E011A9867F7003606D6 /* GameStartLayer.cpp in Sources */,
				FE2F6E021A9867F7003606D6 /* AppDelegate.cpp in Sources */,
				FE2F6E031A9867F7003606D6 /* IADSimple.m in Sources */,
				FE2F6E041A9867F7003606D6 /* HelloWorldScene.cpp in Sources */,
				FE2F6E051A9867F7003606D6 /* DataHome.cpp in Sources */,
				FE2F6E061A9867F7003606D6 /* GameOverLayer.mm in Sources */,
				FE2F6E071A9867F7003606D6 /* AppController.mm in Sources */,
				FE2F6E081A9867F7003606D6 /* MUtils.cpp in Sources */,
				FE2F6E091A9867F7003606D6 /* tree.cpp in Sources */,
				FE2F6E0A1A9867F7003606D6 /* RootViewController.mm in Sources */,
				FE2F6E0B1A9867F7003606D6 /* main.m in Sources */,
				FE2F6E0C1A9867F7003606D6 /* GameCenterScene.cpp in Sources */,
				FE2F6E0D1A9867F7003606D6 /* ManCopy.cpp in Sources */,
			);
			runOnlyForDeploymentPostprocessing = 0;
		};
/* End PBXSourcesBuildPhase section */

/* Begin PBXTargetDependency section */
		1AC6FB16180E9959004C840B /* PBXTargetDependency */ = {
			isa = PBXTargetDependency;
			name = "cocos2dx Mac";
			targetProxy = 1AC6FB15180E9959004C840B /* PBXContainerItemProxy */;
		};
		1AC6FB25180E99E1004C840B /* PBXTargetDependency */ = {
			isa = PBXTargetDependency;
			name = "cocos2dx iOS";
			targetProxy = 1AC6FB24180E99E1004C840B /* PBXContainerItemProxy */;
		};
		FE2F6DD91A9867F7003606D6 /* PBXTargetDependency */ = {
			isa = PBXTargetDependency;
			name = "cocos2dx iOS";
			targetProxy = FE2F6DDA1A9867F7003606D6 /* PBXContainerItemProxy */;
		};
/* End PBXTargetDependency section */

/* Begin XCBuildConfiguration section */
		1D6058940D05DD3E006BFB54 /* Debug */ = {
			isa = XCBuildConfiguration;
			buildSettings = {
				ALWAYS_SEARCH_USER_PATHS = YES;
				CLANG_CXX_LANGUAGE_STANDARD = "c++0x";
				CLANG_CXX_LIBRARY = "libc++";
				CODE_SIGN_IDENTITY = "iPhone Distribution: hujun zhao (3N2S83TNT8)";
				"CODE_SIGN_IDENTITY[sdk=iphoneos*]" = "iPhone Distribution: hujun zhao (3N2S83TNT8)";
				COMPRESS_PNG_FILES = NO;
				FRAMEWORK_SEARCH_PATHS = "$(inherited)";
				GCC_C_LANGUAGE_STANDARD = c99;
				GCC_DYNAMIC_NO_PIC = NO;
				GCC_INLINES_ARE_PRIVATE_EXTERN = YES;
				GCC_PRECOMPILE_PREFIX_HEADER = YES;
				GCC_PREFIX_HEADER = ios/Prefix.pch;
				GCC_PREPROCESSOR_DEFINITIONS = (
					USE_FILE32API,
					CC_TARGET_OS_IPHONE,
					"COCOS2D_DEBUG=1",
					"CC_ENABLE_CHIPMUNK_INTEGRATION=1",
				);
				GCC_SYMBOLS_PRIVATE_EXTERN = YES;
				HEADER_SEARCH_PATHS = (
					"$(inherited)",
					"$(SRCROOT)/../cocos2d/cocos/platform/ios",
					"$(SRCROOT)/../cocos2d/cocos/platform/ios/Simulation",
				);
				INFOPLIST_FILE = ios/Info.plist;
				IPHONEOS_DEPLOYMENT_TARGET = 6.0;
				LIBRARY_SEARCH_PATHS = "";
				ONLY_ACTIVE_ARCH = NO;
				OTHER_LDFLAGS = (
					"$(_COCOS_LIB_IOS_BEGIN)",
					"$(_COCOS_LIB_IOS_END)",
				);
				PROVISIONING_PROFILE = "a0a82040-fc3d-49c0-8184-0f34b5c3871f";
				SDKROOT = iphoneos;
				TARGETED_DEVICE_FAMILY = "1,2";
				USER_HEADER_SEARCH_PATHS = "$(_COCOS_HEADER_IOS_BEGIN) $(_COCOS_HEADER_IOS_END)";
				VALID_ARCHS = "armv7 arm64";
			};
			name = Debug;
		};
		1D6058950D05DD3E006BFB54 /* Release */ = {
			isa = XCBuildConfiguration;
			buildSettings = {
				ALWAYS_SEARCH_USER_PATHS = YES;
				CLANG_CXX_LANGUAGE_STANDARD = "c++0x";
				CLANG_CXX_LIBRARY = "libc++";
				CODE_SIGN_IDENTITY = "iPhone Distribution: hujun zhao (3N2S83TNT8)";
				"CODE_SIGN_IDENTITY[sdk=iphoneos*]" = "iPhone Distribution: hujun zhao (3N2S83TNT8)";
				COMPRESS_PNG_FILES = NO;
				FRAMEWORK_SEARCH_PATHS = "$(inherited)";
				GCC_C_LANGUAGE_STANDARD = c99;
				GCC_INLINES_ARE_PRIVATE_EXTERN = YES;
				GCC_PRECOMPILE_PREFIX_HEADER = YES;
				GCC_PREFIX_HEADER = ios/Prefix.pch;
				GCC_PREPROCESSOR_DEFINITIONS = (
					USE_FILE32API,
					CC_TARGET_OS_IPHONE,
					"CC_ENABLE_CHIPMUNK_INTEGRATION=1",
				);
				GCC_SYMBOLS_PRIVATE_EXTERN = YES;
				HEADER_SEARCH_PATHS = (
					"$(inherited)",
					"$(SRCROOT)/../cocos2d/cocos/platform/ios",
					"$(SRCROOT)/../cocos2d/cocos/platform/ios/Simulation",
				);
				INFOPLIST_FILE = ios/Info.plist;
				IPHONEOS_DEPLOYMENT_TARGET = 6.0;
				LIBRARY_SEARCH_PATHS = "";
				OTHER_LDFLAGS = (
					"$(_COCOS_LIB_IOS_BEGIN)",
					"$(_COCOS_LIB_IOS_END)",
				);
				PROVISIONING_PROFILE = "a0a82040-fc3d-49c0-8184-0f34b5c3871f";
				SDKROOT = iphoneos;
				TARGETED_DEVICE_FAMILY = "1,2";
				USER_HEADER_SEARCH_PATHS = "$(_COCOS_HEADER_IOS_BEGIN) $(_COCOS_HEADER_IOS_END)";
				VALID_ARCHS = "armv7 arm64";
			};
			name = Release;
		};
		5087E76D17EB910900C73F5D /* Debug */ = {
			isa = XCBuildConfiguration;
			buildSettings = {
				ALWAYS_SEARCH_USER_PATHS = YES;
				ARCHS = "$(ARCHS_STANDARD_64_BIT)";
				CLANG_CXX_LANGUAGE_STANDARD = "c++0x";
				CLANG_CXX_LIBRARY = "libc++";
				FRAMEWORK_SEARCH_PATHS = (
					"$(inherited)",
					"$(PROJECT_DIR)/AdViewSDK/AdNetworks/Adwo",
					"$(PROJECT_DIR)/AdViewSDK/AdNetworks/Immob",
					"$(PROJECT_DIR)/AdViewSDK/AdNetworks/MillennialMedia",
					"$(PROJECT_DIR)/AdViewSDK/AdNetworks/MobWin",
					"$(PROJECT_DIR)/AdNetworks/Immob",
					"$(PROJECT_DIR)/AdNetworks/MobWin",
				);
				GCC_DYNAMIC_NO_PIC = NO;
				GCC_INLINES_ARE_PRIVATE_EXTERN = NO;
				GCC_PRECOMPILE_PREFIX_HEADER = YES;
				GCC_PREFIX_HEADER = mac/Prefix.pch;
				GCC_PREPROCESSOR_DEFINITIONS = (
					USE_FILE32API,
					CC_TARGET_OS_MAC,
					"COCOS2D_DEBUG=1",
					"CC_ENABLE_CHIPMUNK_INTEGRATION=1",
				);
				GCC_SYMBOLS_PRIVATE_EXTERN = NO;
				HEADER_SEARCH_PATHS = (
					"$(inherited)",
					"$(SRCROOT)/../cocos2d/cocos/platform/mac",
					"$(SRCROOT)/../cocos2d/external/glfw3/include/mac",
				);
				INFOPLIST_FILE = mac/Info.plist;
				LIBRARY_SEARCH_PATHS = (
					"$(PROJECT_DIR)/AdViewSDK/AdNetworks/AdChina",
					"$(PROJECT_DIR)/AdViewSDK/AdNetworks/Ader",
					"$(PROJECT_DIR)/AdViewSDK/AdNetworks/Aduu",
					"$(PROJECT_DIR)/AdViewSDK/AdNetworks/Adwo",
					"$(PROJECT_DIR)/AdViewSDK/AdNetworks/AirAD",
					"$(PROJECT_DIR)/AdViewSDK/AdNetworks/Baidu",
					"$(PROJECT_DIR)/AdViewSDK/AdNetworks/Casee",
					"$(PROJECT_DIR)/AdViewSDK/AdNetworks/Domob",
					"$(PROJECT_DIR)/AdViewSDK/AdNetworks/GDTMob",
					"$(PROJECT_DIR)/AdViewSDK/AdNetworks/GoogleAdMob",
					"$(PROJECT_DIR)/AdViewSDK/AdNetworks/Greystripe",
					"$(PROJECT_DIR)/AdViewSDK/AdNetworks/Guomob",
					"$(PROJECT_DIR)/AdViewSDK/AdNetworks/InMobi",
					"$(PROJECT_DIR)/AdViewSDK/AdNetworks/IZP",
					"$(PROJECT_DIR)/AdViewSDK/AdNetworks/Miidi",
					"$(PROJECT_DIR)/AdViewSDK/AdNetworks/MobiSage",
					"$(PROJECT_DIR)/AdViewSDK/AdNetworks/MobWin",
					"$(PROJECT_DIR)/AdViewSDK/AdNetworks/MobWin/WeiXinSDK",
					"$(PROJECT_DIR)/AdViewSDK/AdNetworks/Pingcoo",
					"$(PROJECT_DIR)/AdViewSDK/AdNetworks/PunchBox",
					"$(PROJECT_DIR)/AdViewSDK/AdNetworks/SmartMad",
					"$(PROJECT_DIR)/AdViewSDK/AdNetworks/UMAd",
					"$(PROJECT_DIR)/AdViewSDK/AdNetworks/VPon",
					"$(PROJECT_DIR)/AdViewSDK/AdNetworks/WiAd",
					"$(PROJECT_DIR)/AdViewSDK/AdNetworks/Wooboo",
					"$(PROJECT_DIR)/AdViewSDK/AdNetworks/WQMobile",
					"$(PROJECT_DIR)/AdViewSDK/AdNetworks/YouMi",
					"$(PROJECT_DIR)/AdViewSDK/AdNetworks/Yunyun",
					"$(PROJECT_DIR)/AdViewSDK/AdView",
					"$(PROJECT_DIR)/AdNetworks/_KOpenAPIAdView",
					"$(PROJECT_DIR)/AdNetworks/AdChina",
					"$(PROJECT_DIR)/AdNetworks/Ader",
					"$(PROJECT_DIR)/AdNetworks/AdFracta",
					"$(PROJECT_DIR)/AdNetworks/Adwo",
					"$(PROJECT_DIR)/AdNetworks/AirAD",
					"$(PROJECT_DIR)/AdNetworks/Baidu",
					"$(PROJECT_DIR)/AdNetworks/Casee",
					"$(PROJECT_DIR)/AdNetworks/Domob",
					"$(PROJECT_DIR)/AdNetworks/GoogleAdMob",
					"$(PROJECT_DIR)/AdNetworks/Greystripe",
					"$(PROJECT_DIR)/AdNetworks/InMobi",
					"$(PROJECT_DIR)/AdNetworks/IZP",
					"$(PROJECT_DIR)/AdNetworks/Miidi",
					"$(PROJECT_DIR)/AdNetworks/MillennialMedia",
					"$(PROJECT_DIR)/AdNetworks/MobiSage",
					"$(PROJECT_DIR)/AdNetworks/MobWin",
					"$(PROJECT_DIR)/AdNetworks/SmartMad",
					"$(PROJECT_DIR)/AdNetworks/UMAd",
					"$(PROJECT_DIR)/AdNetworks/VPon",
					"$(PROJECT_DIR)/AdNetworks/WiAd",
					"$(PROJECT_DIR)/AdNetworks/Wooboo",
					"$(PROJECT_DIR)/AdNetworks/WQMobile",
					"$(PROJECT_DIR)/AdNetworks/YouMi",
					"$(PROJECT_DIR)/AdNetworks/Yunyun",
				);
				OTHER_LDFLAGS = (
					"$(_COCOS_LIB_MAC_BEGIN)",
					"$(_COCOS_LIB_MAC_END)",
				);
				USER_HEADER_SEARCH_PATHS = "$(_COCOS_HEADER_MAC_BEGIN) $(_COCOS_HEADER_MAC_END)";
			};
			name = Debug;
		};
		5087E76E17EB910900C73F5D /* Release */ = {
			isa = XCBuildConfiguration;
			buildSettings = {
				ALWAYS_SEARCH_USER_PATHS = YES;
				ARCHS = "$(ARCHS_STANDARD_64_BIT)";
				CLANG_CXX_LANGUAGE_STANDARD = "c++0x";
				CLANG_CXX_LIBRARY = "libc++";
				FRAMEWORK_SEARCH_PATHS = (
					"$(inherited)",
					"$(PROJECT_DIR)/AdViewSDK/AdNetworks/Adwo",
					"$(PROJECT_DIR)/AdViewSDK/AdNetworks/Immob",
					"$(PROJECT_DIR)/AdViewSDK/AdNetworks/MillennialMedia",
					"$(PROJECT_DIR)/AdViewSDK/AdNetworks/MobWin",
					"$(PROJECT_DIR)/AdNetworks/Immob",
					"$(PROJECT_DIR)/AdNetworks/MobWin",
				);
				GCC_INLINES_ARE_PRIVATE_EXTERN = NO;
				GCC_PRECOMPILE_PREFIX_HEADER = YES;
				GCC_PREFIX_HEADER = mac/Prefix.pch;
				GCC_PREPROCESSOR_DEFINITIONS = (
					USE_FILE32API,
					CC_TARGET_OS_MAC,
					"CC_ENABLE_CHIPMUNK_INTEGRATION=1",
				);
				GCC_SYMBOLS_PRIVATE_EXTERN = NO;
				HEADER_SEARCH_PATHS = (
					"$(inherited)",
					"$(SRCROOT)/../cocos2d/cocos/platform/mac",
					"$(SRCROOT)/../cocos2d/external/glfw3/include/mac",
				);
				INFOPLIST_FILE = mac/Info.plist;
				LIBRARY_SEARCH_PATHS = (
					"$(PROJECT_DIR)/AdViewSDK/AdNetworks/AdChina",
					"$(PROJECT_DIR)/AdViewSDK/AdNetworks/Ader",
					"$(PROJECT_DIR)/AdViewSDK/AdNetworks/Aduu",
					"$(PROJECT_DIR)/AdViewSDK/AdNetworks/Adwo",
					"$(PROJECT_DIR)/AdViewSDK/AdNetworks/AirAD",
					"$(PROJECT_DIR)/AdViewSDK/AdNetworks/Baidu",
					"$(PROJECT_DIR)/AdViewSDK/AdNetworks/Casee",
					"$(PROJECT_DIR)/AdViewSDK/AdNetworks/Domob",
					"$(PROJECT_DIR)/AdViewSDK/AdNetworks/GDTMob",
					"$(PROJECT_DIR)/AdViewSDK/AdNetworks/GoogleAdMob",
					"$(PROJECT_DIR)/AdViewSDK/AdNetworks/Greystripe",
					"$(PROJECT_DIR)/AdViewSDK/AdNetworks/Guomob",
					"$(PROJECT_DIR)/AdViewSDK/AdNetworks/InMobi",
					"$(PROJECT_DIR)/AdViewSDK/AdNetworks/IZP",
					"$(PROJECT_DIR)/AdViewSDK/AdNetworks/Miidi",
					"$(PROJECT_DIR)/AdViewSDK/AdNetworks/MobiSage",
					"$(PROJECT_DIR)/AdViewSDK/AdNetworks/MobWin",
					"$(PROJECT_DIR)/AdViewSDK/AdNetworks/MobWin/WeiXinSDK",
					"$(PROJECT_DIR)/AdViewSDK/AdNetworks/Pingcoo",
					"$(PROJECT_DIR)/AdViewSDK/AdNetworks/PunchBox",
					"$(PROJECT_DIR)/AdViewSDK/AdNetworks/SmartMad",
					"$(PROJECT_DIR)/AdViewSDK/AdNetworks/UMAd",
					"$(PROJECT_DIR)/AdViewSDK/AdNetworks/VPon",
					"$(PROJECT_DIR)/AdViewSDK/AdNetworks/WiAd",
					"$(PROJECT_DIR)/AdViewSDK/AdNetworks/Wooboo",
					"$(PROJECT_DIR)/AdViewSDK/AdNetworks/WQMobile",
					"$(PROJECT_DIR)/AdViewSDK/AdNetworks/YouMi",
					"$(PROJECT_DIR)/AdViewSDK/AdNetworks/Yunyun",
					"$(PROJECT_DIR)/AdViewSDK/AdView",
					"$(PROJECT_DIR)/AdNetworks/_KOpenAPIAdView",
					"$(PROJECT_DIR)/AdNetworks/AdChina",
					"$(PROJECT_DIR)/AdNetworks/Ader",
					"$(PROJECT_DIR)/AdNetworks/AdFracta",
					"$(PROJECT_DIR)/AdNetworks/Adwo",
					"$(PROJECT_DIR)/AdNetworks/AirAD",
					"$(PROJECT_DIR)/AdNetworks/Baidu",
					"$(PROJECT_DIR)/AdNetworks/Casee",
					"$(PROJECT_DIR)/AdNetworks/Domob",
					"$(PROJECT_DIR)/AdNetworks/GoogleAdMob",
					"$(PROJECT_DIR)/AdNetworks/Greystripe",
					"$(PROJECT_DIR)/AdNetworks/InMobi",
					"$(PROJECT_DIR)/AdNetworks/IZP",
					"$(PROJECT_DIR)/AdNetworks/Miidi",
					"$(PROJECT_DIR)/AdNetworks/MillennialMedia",
					"$(PROJECT_DIR)/AdNetworks/MobiSage",
					"$(PROJECT_DIR)/AdNetworks/MobWin",
					"$(PROJECT_DIR)/AdNetworks/SmartMad",
					"$(PROJECT_DIR)/AdNetworks/UMAd",
					"$(PROJECT_DIR)/AdNetworks/VPon",
					"$(PROJECT_DIR)/AdNetworks/WiAd",
					"$(PROJECT_DIR)/AdNetworks/Wooboo",
					"$(PROJECT_DIR)/AdNetworks/WQMobile",
					"$(PROJECT_DIR)/AdNetworks/YouMi",
					"$(PROJECT_DIR)/AdNetworks/Yunyun",
				);
				OTHER_LDFLAGS = (
					"$(_COCOS_LIB_MAC_BEGIN)",
					"$(_COCOS_LIB_MAC_END)",
				);
				USER_HEADER_SEARCH_PATHS = "$(_COCOS_HEADER_MAC_BEGIN) $(_COCOS_HEADER_MAC_END)";
			};
			name = Release;
		};
		C01FCF4F08A954540054247B /* Debug */ = {
			isa = XCBuildConfiguration;
			buildSettings = {
				ARCHS = "$(ARCHS_STANDARD)";
				CLANG_CXX_LANGUAGE_STANDARD = "c++0x";
				CLANG_CXX_LIBRARY = "libc++";
				COPY_PHASE_STRIP = NO;
				GCC_OPTIMIZATION_LEVEL = 0;
				GCC_WARN_ABOUT_RETURN_TYPE = YES;
				GCC_WARN_UNUSED_VARIABLE = YES;
				HEADER_SEARCH_PATHS = (
					"$(SRCROOT)/../cocos2d",
					"$(SRCROOT)/../cocos2d/cocos",
					"$(SRCROOT)/../cocos2d/cocos/base",
					"$(SRCROOT)/../cocos2d/cocos/physics",
					"$(SRCROOT)/../cocos2d/cocos/math",
					"$(SRCROOT)/../cocos2d/cocos/2d",
					"$(SRCROOT)/../cocos2d/cocos/ui",
					"$(SRCROOT)/../cocos2d/cocos/network",
					"$(SRCROOT)/../cocos2d/cocos/audio/include",
					"$(SRCROOT)/../cocos2d/cocos/editor-support",
					"$(SRCROOT)/../cocos2d/extensions",
					"$(SRCROOT)/../cocos2d/external",
					"$(SRCROOT)/../cocos2d/external/chipmunk/include/chipmunk",
				);
				IPHONEOS_DEPLOYMENT_TARGET = 6.0;
				MACOSX_DEPLOYMENT_TARGET = 10.7;
				ONLY_ACTIVE_ARCH = YES;
				PRODUCT_NAME = "$(TARGET_NAME)";
				SDKROOT = macosx;
				VALID_ARCHS = "i386 x86_64";
			};
			name = Debug;
		};
		C01FCF5008A954540054247B /* Release */ = {
			isa = XCBuildConfiguration;
			buildSettings = {
				ARCHS = "$(ARCHS_STANDARD)";
				CLANG_CXX_LANGUAGE_STANDARD = "c++0x";
				CLANG_CXX_LIBRARY = "libc++";
				GCC_WARN_ABOUT_RETURN_TYPE = YES;
				GCC_WARN_UNUSED_VARIABLE = YES;
				HEADER_SEARCH_PATHS = (
					"$(SRCROOT)/../cocos2d",
					"$(SRCROOT)/../cocos2d/cocos",
					"$(SRCROOT)/../cocos2d/cocos/base",
					"$(SRCROOT)/../cocos2d/cocos/physics",
					"$(SRCROOT)/../cocos2d/cocos/math",
					"$(SRCROOT)/../cocos2d/cocos/2d",
					"$(SRCROOT)/../cocos2d/cocos/ui",
					"$(SRCROOT)/../cocos2d/cocos/network",
					"$(SRCROOT)/../cocos2d/cocos/audio/include",
					"$(SRCROOT)/../cocos2d/cocos/editor-support",
					"$(SRCROOT)/../cocos2d/extensions",
					"$(SRCROOT)/../cocos2d/external",
					"$(SRCROOT)/../cocos2d/external/chipmunk/include/chipmunk",
				);
				IPHONEOS_DEPLOYMENT_TARGET = 6.0;
				MACOSX_DEPLOYMENT_TARGET = 10.7;
				ONLY_ACTIVE_ARCH = YES;
				OTHER_CFLAGS = "-DNS_BLOCK_ASSERTIONS=1";
				PRODUCT_NAME = "$(TARGET_NAME)";
				SDKROOT = macosx;
				VALIDATE_PRODUCT = YES;
				VALID_ARCHS = "i386 x86_64";
			};
			name = Release;
		};
		FE2F6E1C1A9867F7003606D6 /* Debug */ = {
			isa = XCBuildConfiguration;
			buildSettings = {
				ALWAYS_SEARCH_USER_PATHS = YES;
				CLANG_CXX_LANGUAGE_STANDARD = "c++0x";
				CLANG_CXX_LIBRARY = "libc++";
				CODE_SIGN_IDENTITY = "iPhone Distribution: hujun zhao (3N2S83TNT8)";
				"CODE_SIGN_IDENTITY[sdk=iphoneos*]" = "iPhone Distribution: hujun zhao (3N2S83TNT8)";
				COMPRESS_PNG_FILES = NO;
				FRAMEWORK_SEARCH_PATHS = "$(inherited)";
				GCC_C_LANGUAGE_STANDARD = c99;
				GCC_DYNAMIC_NO_PIC = NO;
				GCC_INLINES_ARE_PRIVATE_EXTERN = YES;
				GCC_PRECOMPILE_PREFIX_HEADER = YES;
				GCC_PREFIX_HEADER = ios/Prefix.pch;
				GCC_PREPROCESSOR_DEFINITIONS = (
					USE_FILE32API,
					CC_TARGET_OS_IPHONE,
					"COCOS2D_DEBUG=1",
					"CC_ENABLE_CHIPMUNK_INTEGRATION=1",
				);
				GCC_SYMBOLS_PRIVATE_EXTERN = YES;
				HEADER_SEARCH_PATHS = (
					"$(inherited)",
					"$(SRCROOT)/../cocos2d/cocos/platform/ios",
					"$(SRCROOT)/../cocos2d/cocos/platform/ios/Simulation",
				);
				INFOPLIST_FILE = "yantongbrother iOS copy-Info.plist";
				IPHONEOS_DEPLOYMENT_TARGET = 6.0;
				LIBRARY_SEARCH_PATHS = "";
				ONLY_ACTIVE_ARCH = NO;
				OTHER_LDFLAGS = (
					"$(_COCOS_LIB_IOS_BEGIN)",
					"$(_COCOS_LIB_IOS_END)",
				);
				PRODUCT_NAME = "yantongbrother iOS copy";
				PROVISIONING_PROFILE = "a0a82040-fc3d-49c0-8184-0f34b5c3871f";
				SDKROOT = iphoneos;
				TARGETED_DEVICE_FAMILY = "1,2";
				USER_HEADER_SEARCH_PATHS = "$(_COCOS_HEADER_IOS_BEGIN) $(_COCOS_HEADER_IOS_END)";
				VALID_ARCHS = armv7;
			};
			name = Debug;
		};
		FE2F6E1D1A9867F7003606D6 /* Release */ = {
			isa = XCBuildConfiguration;
			buildSettings = {
				ALWAYS_SEARCH_USER_PATHS = YES;
				CLANG_CXX_LANGUAGE_STANDARD = "c++0x";
				CLANG_CXX_LIBRARY = "libc++";
				CODE_SIGN_IDENTITY = "iPhone Distribution: hujun zhao (3N2S83TNT8)";
				"CODE_SIGN_IDENTITY[sdk=iphoneos*]" = "iPhone Distribution: hujun zhao (3N2S83TNT8)";
				COMPRESS_PNG_FILES = NO;
				FRAMEWORK_SEARCH_PATHS = "$(inherited)";
				GCC_C_LANGUAGE_STANDARD = c99;
				GCC_INLINES_ARE_PRIVATE_EXTERN = YES;
				GCC_PRECOMPILE_PREFIX_HEADER = YES;
				GCC_PREFIX_HEADER = ios/Prefix.pch;
				GCC_PREPROCESSOR_DEFINITIONS = (
					USE_FILE32API,
					CC_TARGET_OS_IPHONE,
					"CC_ENABLE_CHIPMUNK_INTEGRATION=1",
				);
				GCC_SYMBOLS_PRIVATE_EXTERN = YES;
				HEADER_SEARCH_PATHS = (
					"$(inherited)",
					"$(SRCROOT)/../cocos2d/cocos/platform/ios",
					"$(SRCROOT)/../cocos2d/cocos/platform/ios/Simulation",
				);
				INFOPLIST_FILE = "yantongbrother iOS copy-Info.plist";
				IPHONEOS_DEPLOYMENT_TARGET = 6.0;
				LIBRARY_SEARCH_PATHS = "";
				OTHER_LDFLAGS = (
					"$(_COCOS_LIB_IOS_BEGIN)",
					"$(_COCOS_LIB_IOS_END)",
				);
				PRODUCT_NAME = "yantongbrother iOS copy";
				PROVISIONING_PROFILE = "a0a82040-fc3d-49c0-8184-0f34b5c3871f";
				SDKROOT = iphoneos;
				TARGETED_DEVICE_FAMILY = "1,2";
				USER_HEADER_SEARCH_PATHS = "$(_COCOS_HEADER_IOS_BEGIN) $(_COCOS_HEADER_IOS_END)";
				VALID_ARCHS = armv7;
			};
			name = Release;
		};
/* End XCBuildConfiguration section */

/* Begin XCConfigurationList section */
		1D6058960D05DD3E006BFB54 /* Build configuration list for PBXNativeTarget "yantongbrother iOS" */ = {
			isa = XCConfigurationList;
			buildConfigurations = (
				1D6058940D05DD3E006BFB54 /* Debug */,
				1D6058950D05DD3E006BFB54 /* Release */,
			);
			defaultConfigurationIsVisible = 0;
			defaultConfigurationName = Debug;
		};
		5087E76C17EB910900C73F5D /* Build configuration list for PBXNativeTarget "yantongbrother Mac" */ = {
			isa = XCConfigurationList;
			buildConfigurations = (
				5087E76D17EB910900C73F5D /* Debug */,
				5087E76E17EB910900C73F5D /* Release */,
			);
			defaultConfigurationIsVisible = 0;
			defaultConfigurationName = Debug;
		};
		C01FCF4E08A954540054247B /* Build configuration list for PBXProject "yantongbrother" */ = {
			isa = XCConfigurationList;
			buildConfigurations = (
				C01FCF4F08A954540054247B /* Debug */,
				C01FCF5008A954540054247B /* Release */,
			);
			defaultConfigurationIsVisible = 0;
			defaultConfigurationName = Debug;
		};
		FE2F6E1B1A9867F7003606D6 /* Build configuration list for PBXNativeTarget "yantongbrother iOS free_ads" */ = {
			isa = XCConfigurationList;
			buildConfigurations = (
				FE2F6E1C1A9867F7003606D6 /* Debug */,
				FE2F6E1D1A9867F7003606D6 /* Release */,
			);
			defaultConfigurationIsVisible = 0;
			defaultConfigurationName = Debug;
		};
/* End XCConfigurationList section */
	};
	rootObject = 29B97313FDCFA39411CA2CEA /* Project object */;
}
